
Microsoft Visual Studio Solution File, Format Version 12.00
# Visual Studio Version 17
VisualStudioVersion = 17.8.34316.72
MinimumVisualStudioVersion = 10.0.40219.1
Project("{9A19103F-16F7-4668-BE54-9A1E7A4F7556}") = "AutoCode.SourceGenerator", "AutoCodeGenerator\AutoCode.SourceGenerator.csproj", "{72A53FCA-0F92-404E-BE8B-88A5C6E0A968}"
EndProject
Project("{9A19103F-16F7-4668-BE54-9A1E7A4F7556}") = "APP", "APP\APP.csproj", "{281FB31E-4A14-4018-86C1-A2BA0075BE75}"
EndProject
Project("{9A19103F-16F7-4668-BE54-9A1E7A4F7556}") = "AutoCode.SourceGenerator.Extensions", "AutoCode.Extensions.SourceGenerator\AutoCode.SourceGenerator.Extensions.csproj", "{234B9E74-A224-435A-A5AD-A9F5A80C2D9C}"
EndProject
Project("{9A19103F-16F7-4668-BE54-9A1E7A4F7556}") = "AutoCode.Model", "AutoCode.Model\AutoCode.Model.csproj", "{F8A86DB9-AFE6-45F0-B4B8-A5FA5A4DEA9B}"
EndProject
Project("{9A19103F-16F7-4668-BE54-9A1E7A4F7556}") = "APP.WebAPI", "APP.WebAPI\APP.WebAPI.csproj", "{A8220401-044B-467A-9565-900F58E0B329}"
EndProject
Project("{9A19103F-16F7-4668-BE54-9A1E7A4F7556}") = "AutoCode.DotTemplate.SourceGenerator", "AutoCode.XmlTemplate.SourceGenerator\AutoCode.DotTemplate.SourceGenerator.csproj", "{132B4FCB-0E7E-40AF-8764-D57B8075F1F2}"
EndProject
Project("{2150E333-8FDC-42A3-9474-1A3956D46DE8}") = "Solution Items", "Solution Items", "{885F571E-DCC5-483E-B2B8-BB3DCFA4ACE5}"
	ProjectSection(SolutionItems) = preProject
		.editorconfig = .editorconfig
	EndProjectSection
EndProject
Project("{9A19103F-16F7-4668-BE54-9A1E7A4F7556}") = "DotTemplate.APP", "DotTemplate.APP\DotTemplate.APP.csproj", "{043D544D-8613-4D86-97F0-45F2739281CC}"
EndProject
Project("{9A19103F-16F7-4668-BE54-9A1E7A4F7556}") = "APP.WebAPI.Core", "APP.WebAPI.Core\APP.WebAPI.Core.csproj", "{88322990-1399-4FD7-B2A3-E7C3C4A7C7A2}"
EndProject
Project("{9A19103F-16F7-4668-BE54-9A1E7A4F7556}") = "Models", "Models\Models.csproj", "{4695A2A1-E272-4E21-8421-C779E75E4D34}"
EndProject
Project("{9A19103F-16F7-4668-BE54-9A1E7A4F7556}") = "AutoCode.Map", "AutoCode.Map\AutoCode.Map.csproj", "{09CE7A68-B0CC-4B95-88BD-B5D268E927C3}"
EndProject
Project("{9A19103F-16F7-4668-BE54-9A1E7A4F7556}") = "APP.Map", "APP.Map\APP.Map.csproj", "{ED4C9E7E-D786-4E19-A72B-68AF5949870D}"
EndProject
Project("{9A19103F-16F7-4668-BE54-9A1E7A4F7556}") = "AutoCode.MapDebug", "AutoCode.MapDebug\AutoCode.MapDebug.csproj", "{BA87981A-7182-4B18-B78F-C2A86D0CEB31}"
EndProject
Project("{2150E333-8FDC-42A3-9474-1A3956D46DE8}") = "AutoCodeMap", "AutoCodeMap", "{4654F4C1-2BCA-400F-BAC2-6D729454716E}"
EndProject
Project("{FAE04EC0-301F-11D3-BF4B-00C04F79EFBC}") = "Auto.MapModels", "Auto.MapModels\Auto.MapModels.csproj", "{78E49FFB-3B82-4907-A028-F2EDA938F476}"
EndProject
Global
	GlobalSection(SolutionConfigurationPlatforms) = preSolution
		Debug|Any CPU = Debug|Any CPU
		Debug|x64 = Debug|x64
		Publish|Any CPU = Publish|Any CPU
		Publish|x64 = Publish|x64
		Release|Any CPU = Release|Any CPU
		Release|x64 = Release|x64
	EndGlobalSection
	GlobalSection(ProjectConfigurationPlatforms) = postSolution
		{72A53FCA-0F92-404E-BE8B-88A5C6E0A968}.Debug|Any CPU.ActiveCfg = Debug|Any CPU
		{72A53FCA-0F92-404E-BE8B-88A5C6E0A968}.Debug|Any CPU.Build.0 = Debug|Any CPU
		{72A53FCA-0F92-404E-BE8B-88A5C6E0A968}.Debug|x64.ActiveCfg = Debug|Any CPU
		{72A53FCA-0F92-404E-BE8B-88A5C6E0A968}.Debug|x64.Build.0 = Debug|Any CPU
		{72A53FCA-0F92-404E-BE8B-88A5C6E0A968}.Publish|Any CPU.ActiveCfg = Publish|Any CPU
		{72A53FCA-0F92-404E-BE8B-88A5C6E0A968}.Publish|x64.ActiveCfg = Publish|Any CPU
		{72A53FCA-0F92-404E-BE8B-88A5C6E0A968}.Publish|x64.Build.0 = Publish|Any CPU
		{72A53FCA-0F92-404E-BE8B-88A5C6E0A968}.Release|Any CPU.ActiveCfg = Release|Any CPU
		{72A53FCA-0F92-404E-BE8B-88A5C6E0A968}.Release|Any CPU.Build.0 = Release|Any CPU
		{72A53FCA-0F92-404E-BE8B-88A5C6E0A968}.Release|x64.ActiveCfg = Release|Any CPU
		{72A53FCA-0F92-404E-BE8B-88A5C6E0A968}.Release|x64.Build.0 = Release|Any CPU
		{281FB31E-4A14-4018-86C1-A2BA0075BE75}.Debug|Any CPU.ActiveCfg = Debug|Any CPU
		{281FB31E-4A14-4018-86C1-A2BA0075BE75}.Debug|Any CPU.Build.0 = Debug|Any CPU
		{281FB31E-4A14-4018-86C1-A2BA0075BE75}.Debug|x64.ActiveCfg = Debug|Any CPU
		{281FB31E-4A14-4018-86C1-A2BA0075BE75}.Debug|x64.Build.0 = Debug|Any CPU
		{281FB31E-4A14-4018-86C1-A2BA0075BE75}.Publish|Any CPU.ActiveCfg = Publish|Any CPU
		{281FB31E-4A14-4018-86C1-A2BA0075BE75}.Publish|x64.ActiveCfg = Publish|Any CPU
		{281FB31E-4A14-4018-86C1-A2BA0075BE75}.Publish|x64.Build.0 = Publish|Any CPU
		{281FB31E-4A14-4018-86C1-A2BA0075BE75}.Release|Any CPU.ActiveCfg = Release|Any CPU
		{281FB31E-4A14-4018-86C1-A2BA0075BE75}.Release|Any CPU.Build.0 = Release|Any CPU
		{281FB31E-4A14-4018-86C1-A2BA0075BE75}.Release|x64.ActiveCfg = Release|Any CPU
		{281FB31E-4A14-4018-86C1-A2BA0075BE75}.Release|x64.Build.0 = Release|Any CPU
		{234B9E74-A224-435A-A5AD-A9F5A80C2D9C}.Debug|Any CPU.ActiveCfg = Debug|Any CPU
		{234B9E74-A224-435A-A5AD-A9F5A80C2D9C}.Debug|Any CPU.Build.0 = Debug|Any CPU
		{234B9E74-A224-435A-A5AD-A9F5A80C2D9C}.Debug|x64.ActiveCfg = Debug|Any CPU
		{234B9E74-A224-435A-A5AD-A9F5A80C2D9C}.Debug|x64.Build.0 = Debug|Any CPU
		{234B9E74-A224-435A-A5AD-A9F5A80C2D9C}.Publish|Any CPU.ActiveCfg = Publish|Any CPU
		{234B9E74-A224-435A-A5AD-A9F5A80C2D9C}.Publish|Any CPU.Build.0 = Publish|Any CPU
		{234B9E74-A224-435A-A5AD-A9F5A80C2D9C}.Publish|x64.ActiveCfg = Publish|Any CPU
		{234B9E74-A224-435A-A5AD-A9F5A80C2D9C}.Publish|x64.Build.0 = Publish|Any CPU
		{234B9E74-A224-435A-A5AD-A9F5A80C2D9C}.Release|Any CPU.ActiveCfg = Release|Any CPU
		{234B9E74-A224-435A-A5AD-A9F5A80C2D9C}.Release|Any CPU.Build.0 = Release|Any CPU
		{234B9E74-A224-435A-A5AD-A9F5A80C2D9C}.Release|x64.ActiveCfg = Release|Any CPU
		{234B9E74-A224-435A-A5AD-A9F5A80C2D9C}.Release|x64.Build.0 = Release|Any CPU
		{F8A86DB9-AFE6-45F0-B4B8-A5FA5A4DEA9B}.Debug|Any CPU.ActiveCfg = Debug|Any CPU
		{F8A86DB9-AFE6-45F0-B4B8-A5FA5A4DEA9B}.Debug|Any CPU.Build.0 = Debug|Any CPU
		{F8A86DB9-AFE6-45F0-B4B8-A5FA5A4DEA9B}.Debug|x64.ActiveCfg = Debug|Any CPU
		{F8A86DB9-AFE6-45F0-B4B8-A5FA5A4DEA9B}.Debug|x64.Build.0 = Debug|Any CPU
		{F8A86DB9-AFE6-45F0-B4B8-A5FA5A4DEA9B}.Publish|Any CPU.ActiveCfg = Publish|Any CPU
		{F8A86DB9-AFE6-45F0-B4B8-A5FA5A4DEA9B}.Publish|x64.ActiveCfg = Publish|Any CPU
		{F8A86DB9-AFE6-45F0-B4B8-A5FA5A4DEA9B}.Publish|x64.Build.0 = Publish|Any CPU
		{F8A86DB9-AFE6-45F0-B4B8-A5FA5A4DEA9B}.Release|Any CPU.ActiveCfg = Release|Any CPU
		{F8A86DB9-AFE6-45F0-B4B8-A5FA5A4DEA9B}.Release|Any CPU.Build.0 = Release|Any CPU
		{F8A86DB9-AFE6-45F0-B4B8-A5FA5A4DEA9B}.Release|x64.ActiveCfg = Release|Any CPU
		{F8A86DB9-AFE6-45F0-B4B8-A5FA5A4DEA9B}.Release|x64.Build.0 = Release|Any CPU
		{A8220401-044B-467A-9565-900F58E0B329}.Debug|Any CPU.ActiveCfg = Debug|Any CPU
		{A8220401-044B-467A-9565-900F58E0B329}.Debug|Any CPU.Build.0 = Debug|Any CPU
		{A8220401-044B-467A-9565-900F58E0B329}.Debug|x64.ActiveCfg = Debug|Any CPU
		{A8220401-044B-467A-9565-900F58E0B329}.Debug|x64.Build.0 = Debug|Any CPU
		{A8220401-044B-467A-9565-900F58E0B329}.Publish|Any CPU.ActiveCfg = Debug|Any CPU
		{A8220401-044B-467A-9565-900F58E0B329}.Publish|x64.ActiveCfg = Release|Any CPU
		{A8220401-044B-467A-9565-900F58E0B329}.Publish|x64.Build.0 = Release|Any CPU
		{A8220401-044B-467A-9565-900F58E0B329}.Release|Any CPU.ActiveCfg = Release|Any CPU
		{A8220401-044B-467A-9565-900F58E0B329}.Release|Any CPU.Build.0 = Release|Any CPU
		{A8220401-044B-467A-9565-900F58E0B329}.Release|x64.ActiveCfg = Release|Any CPU
		{A8220401-044B-467A-9565-900F58E0B329}.Release|x64.Build.0 = Release|Any CPU
		{132B4FCB-0E7E-40AF-8764-D57B8075F1F2}.Debug|Any CPU.ActiveCfg = Debug|Any CPU
		{132B4FCB-0E7E-40AF-8764-D57B8075F1F2}.Debug|Any CPU.Build.0 = Debug|Any CPU
		{132B4FCB-0E7E-40AF-8764-D57B8075F1F2}.Debug|x64.ActiveCfg = Debug|Any CPU
		{132B4FCB-0E7E-40AF-8764-D57B8075F1F2}.Debug|x64.Build.0 = Debug|Any CPU
		{132B4FCB-0E7E-40AF-8764-D57B8075F1F2}.Publish|Any CPU.ActiveCfg = Debug|Any CPU
		{132B4FCB-0E7E-40AF-8764-D57B8075F1F2}.Publish|x64.ActiveCfg = Release|Any CPU
		{132B4FCB-0E7E-40AF-8764-D57B8075F1F2}.Publish|x64.Build.0 = Release|Any CPU
		{132B4FCB-0E7E-40AF-8764-D57B8075F1F2}.Release|Any CPU.ActiveCfg = Release|Any CPU
		{132B4FCB-0E7E-40AF-8764-D57B8075F1F2}.Release|Any CPU.Build.0 = Release|Any CPU
		{132B4FCB-0E7E-40AF-8764-D57B8075F1F2}.Release|x64.ActiveCfg = Release|Any CPU
		{132B4FCB-0E7E-40AF-8764-D57B8075F1F2}.Release|x64.Build.0 = Release|Any CPU
		{043D544D-8613-4D86-97F0-45F2739281CC}.Debug|Any CPU.ActiveCfg = Debug|Any CPU
		{043D544D-8613-4D86-97F0-45F2739281CC}.Debug|Any CPU.Build.0 = Debug|Any CPU
		{043D544D-8613-4D86-97F0-45F2739281CC}.Debug|x64.ActiveCfg = Debug|Any CPU
		{043D544D-8613-4D86-97F0-45F2739281CC}.Debug|x64.Build.0 = Debug|Any CPU
		{043D544D-8613-4D86-97F0-45F2739281CC}.Publish|Any CPU.ActiveCfg = Debug|Any CPU
		{043D544D-8613-4D86-97F0-45F2739281CC}.Publish|x64.ActiveCfg = Release|Any CPU
		{043D544D-8613-4D86-97F0-45F2739281CC}.Publish|x64.Build.0 = Release|Any CPU
		{043D544D-8613-4D86-97F0-45F2739281CC}.Release|Any CPU.ActiveCfg = Release|Any CPU
		{043D544D-8613-4D86-97F0-45F2739281CC}.Release|Any CPU.Build.0 = Release|Any CPU
		{043D544D-8613-4D86-97F0-45F2739281CC}.Release|x64.ActiveCfg = Release|Any CPU
		{043D544D-8613-4D86-97F0-45F2739281CC}.Release|x64.Build.0 = Release|Any CPU
		{88322990-1399-4FD7-B2A3-E7C3C4A7C7A2}.Debug|Any CPU.ActiveCfg = Debug|Any CPU
		{88322990-1399-4FD7-B2A3-E7C3C4A7C7A2}.Debug|Any CPU.Build.0 = Debug|Any CPU
		{88322990-1399-4FD7-B2A3-E7C3C4A7C7A2}.Debug|x64.ActiveCfg = Debug|Any CPU
		{88322990-1399-4FD7-B2A3-E7C3C4A7C7A2}.Debug|x64.Build.0 = Debug|Any CPU
		{88322990-1399-4FD7-B2A3-E7C3C4A7C7A2}.Publish|Any CPU.ActiveCfg = Debug|Any CPU
		{88322990-1399-4FD7-B2A3-E7C3C4A7C7A2}.Publish|x64.ActiveCfg = Debug|Any CPU
		{88322990-1399-4FD7-B2A3-E7C3C4A7C7A2}.Publish|x64.Build.0 = Debug|Any CPU
		{88322990-1399-4FD7-B2A3-E7C3C4A7C7A2}.Release|Any CPU.ActiveCfg = Release|Any CPU
		{88322990-1399-4FD7-B2A3-E7C3C4A7C7A2}.Release|Any CPU.Build.0 = Release|Any CPU
		{88322990-1399-4FD7-B2A3-E7C3C4A7C7A2}.Release|x64.ActiveCfg = Release|Any CPU
		{88322990-1399-4FD7-B2A3-E7C3C4A7C7A2}.Release|x64.Build.0 = Release|Any CPU
		{4695A2A1-E272-4E21-8421-C779E75E4D34}.Debug|Any CPU.ActiveCfg = Debug|Any CPU
		{4695A2A1-E272-4E21-8421-C779E75E4D34}.Debug|Any CPU.Build.0 = Debug|Any CPU
		{4695A2A1-E272-4E21-8421-C779E75E4D34}.Debug|x64.ActiveCfg = Debug|Any CPU
		{4695A2A1-E272-4E21-8421-C779E75E4D34}.Debug|x64.Build.0 = Debug|Any CPU
		{4695A2A1-E272-4E21-8421-C779E75E4D34}.Publish|Any CPU.ActiveCfg = Debug|Any CPU
		{4695A2A1-E272-4E21-8421-C779E75E4D34}.Publish|Any CPU.Build.0 = Debug|Any CPU
		{4695A2A1-E272-4E21-8421-C779E75E4D34}.Publish|x64.ActiveCfg = Debug|Any CPU
		{4695A2A1-E272-4E21-8421-C779E75E4D34}.Publish|x64.Build.0 = Debug|Any CPU
		{4695A2A1-E272-4E21-8421-C779E75E4D34}.Release|Any CPU.ActiveCfg = Release|Any CPU
		{4695A2A1-E272-4E21-8421-C779E75E4D34}.Release|Any CPU.Build.0 = Release|Any CPU
		{4695A2A1-E272-4E21-8421-C779E75E4D34}.Release|x64.ActiveCfg = Release|Any CPU
		{4695A2A1-E272-4E21-8421-C779E75E4D34}.Release|x64.Build.0 = Release|Any CPU
		{09CE7A68-B0CC-4B95-88BD-B5D268E927C3}.Debug|Any CPU.ActiveCfg = Debug|Any CPU
		{09CE7A68-B0CC-4B95-88BD-B5D268E927C3}.Debug|Any CPU.Build.0 = Debug|Any CPU
		{09CE7A68-B0CC-4B95-88BD-B5D268E927C3}.Debug|x64.ActiveCfg = Debug|Any CPU
		{09CE7A68-B0CC-4B95-88BD-B5D268E927C3}.Debug|x64.Build.0 = Debug|Any CPU
		{09CE7A68-B0CC-4B95-88BD-B5D268E927C3}.Publish|Any CPU.ActiveCfg = Debug|Any CPU
		{09CE7A68-B0CC-4B95-88BD-B5D268E927C3}.Publish|Any CPU.Build.0 = Debug|Any CPU
		{09CE7A68-B0CC-4B95-88BD-B5D268E927C3}.Publish|x64.ActiveCfg = Debug|Any CPU
		{09CE7A68-B0CC-4B95-88BD-B5D268E927C3}.Publish|x64.Build.0 = Debug|Any CPU
		{09CE7A68-B0CC-4B95-88BD-B5D268E927C3}.Release|Any CPU.ActiveCfg = Release|Any CPU
		{09CE7A68-B0CC-4B95-88BD-B5D268E927C3}.Release|Any CPU.Build.0 = Release|Any CPU
		{09CE7A68-B0CC-4B95-88BD-B5D268E927C3}.Release|x64.ActiveCfg = Release|Any CPU
		{09CE7A68-B0CC-4B95-88BD-B5D268E927C3}.Release|x64.Build.0 = Release|Any CPU
		{ED4C9E7E-D786-4E19-A72B-68AF5949870D}.Debug|Any CPU.ActiveCfg = Debug|Any CPU
		{ED4C9E7E-D786-4E19-A72B-68AF5949870D}.Debug|Any CPU.Build.0 = Debug|Any CPU
		{ED4C9E7E-D786-4E19-A72B-68AF5949870D}.Debug|x64.ActiveCfg = Debug|Any CPU
		{ED4C9E7E-D786-4E19-A72B-68AF5949870D}.Debug|x64.Build.0 = Debug|Any CPU
		{ED4C9E7E-D786-4E19-A72B-68AF5949870D}.Publish|Any CPU.ActiveCfg = Debug|Any CPU
		{ED4C9E7E-D786-4E19-A72B-68AF5949870D}.Publish|Any CPU.Build.0 = Debug|Any CPU
		{ED4C9E7E-D786-4E19-A72B-68AF5949870D}.Publish|x64.ActiveCfg = Debug|Any CPU
		{ED4C9E7E-D786-4E19-A72B-68AF5949870D}.Publish|x64.Build.0 = Debug|Any CPU
		{ED4C9E7E-D786-4E19-A72B-68AF5949870D}.Release|Any CPU.ActiveCfg = Release|Any CPU
		{ED4C9E7E-D786-4E19-A72B-68AF5949870D}.Release|Any CPU.Build.0 = Release|Any CPU
		{ED4C9E7E-D786-4E19-A72B-68AF5949870D}.Release|x64.ActiveCfg = Release|Any CPU
		{ED4C9E7E-D786-4E19-A72B-68AF5949870D}.Release|x64.Build.0 = Release|Any CPU
		{BA87981A-7182-4B18-B78F-C2A86D0CEB31}.Debug|Any CPU.ActiveCfg = Debug|Any CPU
		{BA87981A-7182-4B18-B78F-C2A86D0CEB31}.Debug|Any CPU.Build.0 = Debug|Any CPU
		{BA87981A-7182-4B18-B78F-C2A86D0CEB31}.Debug|x64.ActiveCfg = Debug|Any CPU
		{BA87981A-7182-4B18-B78F-C2A86D0CEB31}.Debug|x64.Build.0 = Debug|Any CPU
		{BA87981A-7182-4B18-B78F-C2A86D0CEB31}.Publish|Any CPU.ActiveCfg = Debug|Any CPU
		{BA87981A-7182-4B18-B78F-C2A86D0CEB31}.Publish|Any CPU.Build.0 = Debug|Any CPU
		{BA87981A-7182-4B18-B78F-C2A86D0CEB31}.Publish|x64.ActiveCfg = Debug|Any CPU
		{BA87981A-7182-4B18-B78F-C2A86D0CEB31}.Publish|x64.Build.0 = Debug|Any CPU
		{BA87981A-7182-4B18-B78F-C2A86D0CEB31}.Release|Any CPU.ActiveCfg = Release|Any CPU
		{BA87981A-7182-4B18-B78F-C2A86D0CEB31}.Release|Any CPU.Build.0 = Release|Any CPU
		{BA87981A-7182-4B18-B78F-C2A86D0CEB31}.Release|x64.ActiveCfg = Release|Any CPU
		{BA87981A-7182-4B18-B78F-C2A86D0CEB31}.Release|x64.Build.0 = Release|Any CPU
		{78E49FFB-3B82-4907-A028-F2EDA938F476}.Debug|Any CPU.ActiveCfg = Debug|Any CPU
		{78E49FFB-3B82-4907-A028-F2EDA938F476}.Debug|Any CPU.Build.0 = Debug|Any CPU
		{78E49FFB-3B82-4907-A028-F2EDA938F476}.Debug|x64.ActiveCfg = Debug|Any CPU
		{78E49FFB-3B82-4907-A028-F2EDA938F476}.Debug|x64.Build.0 = Debug|Any CPU
		{78E49FFB-3B82-4907-A028-F2EDA938F476}.Publish|Any CPU.ActiveCfg = Debug|Any CPU
		{78E49FFB-3B82-4907-A028-F2EDA938F476}.Publish|Any CPU.Build.0 = Debug|Any CPU
		{78E49FFB-3B82-4907-A028-F2EDA938F476}.Publish|x64.ActiveCfg = Debug|Any CPU
		{78E49FFB-3B82-4907-A028-F2EDA938F476}.Publish|x64.Build.0 = Debug|Any CPU
		{78E49FFB-3B82-4907-A028-F2EDA938F476}.Release|Any CPU.ActiveCfg = Release|Any CPU
		{78E49FFB-3B82-4907-A028-F2EDA938F476}.Release|Any CPU.Build.0 = Release|Any CPU
		{78E49FFB-3B82-4907-A028-F2EDA938F476}.Release|x64.ActiveCfg = Release|Any CPU
		{78E49FFB-3B82-4907-A028-F2EDA938F476}.Release|x64.Build.0 = Release|Any CPU
	EndGlobalSection
	GlobalSection(SolutionProperties) = preSolution
		HideSolutionNode = FALSE
	EndGlobalSection
	GlobalSection(NestedProjects) = preSolution
		{ED4C9E7E-D786-4E19-A72B-68AF5949870D} = {4654F4C1-2BCA-400F-BAC2-6D729454716E}
		{BA87981A-7182-4B18-B78F-C2A86D0CEB31} = {4654F4C1-2BCA-400F-BAC2-6D729454716E}
		{78E49FFB-3B82-4907-A028-F2EDA938F476} = {4654F4C1-2BCA-400F-BAC2-6D729454716E}
	EndGlobalSection
	GlobalSection(ExtensibilityGlobals) = postSolution
		SolutionGuid = {58AA5253-8B91-4C55-9E8E-8E5BD3E38F33}
	EndGlobalSection
EndGlobal
