
Microsoft Visual Studio Solution File, Format Version 12.00
# Visual Studio Version 17
VisualStudioVersion = 17.8.34316.72
MinimumVisualStudioVersion = 10.0.40219.1
Project("{9A19103F-16F7-4668-BE54-9A1E7A4F7556}") = "AutoCode.SourceGenerator", "AutoCodeGenerator\AutoCode.SourceGenerator.csproj", "{72A53FCA-0F92-404E-BE8B-88A5C6E0A968}"
EndProject
Project("{9A19103F-16F7-4668-BE54-9A1E7A4F7556}") = "APP", "APP\APP.csproj", "{281FB31E-4A14-4018-86C1-A2BA0075BE75}"
EndProject
Project("{9A19103F-16F7-4668-BE54-9A1E7A4F7556}") = "AutoCode.SourceGenerator.Extensions", "AutoCode.Extensions.SourceGenerator\AutoCode.SourceGenerator.Extensions.csproj", "{234B9E74-A224-435A-A5AD-A9F5A80C2D9C}"
EndProject
Project("{9A19103F-16F7-4668-BE54-9A1E7A4F7556}") = "AutoCode.Model", "AutoCode.Model\AutoCode.Model.csproj", "{F8A86DB9-AFE6-45F0-B4B8-A5FA5A4DEA9B}"
EndProject
Project("{9A19103F-16F7-4668-BE54-9A1E7A4F7556}") = "APP.WebAPI", "APP.WebAPI\APP.WebAPI.csproj", "{A8220401-044B-467A-9565-900F58E0B329}"
EndProject
Project("{9A19103F-16F7-4668-BE54-9A1E7A4F7556}") = "AutoCode.DotTemplate.SourceGenerator", "AutoCode.XmlTemplate.SourceGenerator\AutoCode.DotTemplate.SourceGenerator.csproj", "{132B4FCB-0E7E-40AF-8764-D57B8075F1F2}"
EndProject
Project("{2150E333-8FDC-42A3-9474-1A3956D46DE8}") = "Solution Items", "Solution Items", "{885F571E-DCC5-483E-B2B8-BB3DCFA4ACE5}"
	ProjectSection(SolutionItems) = preProject
		.editorconfig = .editorconfig
	EndProjectSection
EndProject
Project("{9A19103F-16F7-4668-BE54-9A1E7A4F7556}") = "DotTemplate.APP", "DotTemplate.APP\DotTemplate.APP.csproj", "{043D544D-8613-4D86-97F0-45F2739281CC}"
EndProject
Project("{9A19103F-16F7-4668-BE54-9A1E7A4F7556}") = "APP.WebAPI.Core", "APP.WebAPI.Core\APP.WebAPI.Core.csproj", "{88322990-1399-4FD7-B2A3-E7C3C4A7C7A2}"
EndProject
Project("{9A19103F-16F7-4668-BE54-9A1E7A4F7556}") = "Models", "Models\Models.csproj", "{4695A2A1-E272-4E21-8421-C779E75E4D34}"
EndProject
Project("{9A19103F-16F7-4668-BE54-9A1E7A4F7556}") = "AutoCode.Map", "AutoCode.Map\AutoCode.Map.csproj", "{09CE7A68-B0CC-4B95-88BD-B5D268E927C3}"
EndProject
Project("{9A19103F-16F7-4668-BE54-9A1E7A4F7556}") = "APP.Map", "APP.Map\APP.Map.csproj", "{ED4C9E7E-D786-4E19-A72B-68AF5949870D}"
EndProject
Project("{9A19103F-16F7-4668-BE54-9A1E7A4F7556}") = "AutoCode.MapDebug", "AutoCode.MapDebug\AutoCode.MapDebug.csproj", "{BA87981A-7182-4B18-B78F-C2A86D0CEB31}"
EndProject
Project("{2150E333-8FDC-42A3-9474-1A3956D46DE8}") = "AutoCodeMap", "AutoCodeMap", "{4654F4C1-2BCA-400F-BAC2-6D729454716E}"
EndProject
Project("{FAE04EC0-301F-11D3-BF4B-00C04F79EFBC}") = "Auto.MapModels", "Auto.MapModels\Auto.MapModels.csproj", "{78E49FFB-3B82-4907-A028-F2EDA938F476}"
EndProject
Project("{FAE04EC0-301F-11D3-BF4B-00C04F79EFBC}") = "AutoCode.Tests", "AutoCode.Tests\AutoCode.Tests.csproj", "{42D28DE2-C461-460E-97B7-09CB82AFFA24}"
EndProject
Project("{FAE04EC0-301F-11D3-BF4B-00C04F79EFBC}") = "AutoCode.Analyzers", "AutoCode.Analyzers\AutoCode.Analyzers.csproj", "{C5631258-1785-434A-9BB7-AE7A8E0ADBF2}"
EndProject
Project("{FAE04EC0-301F-11D3-BF4B-00C04F79EFBC}") = "AutoCode.DependencyInjection", "AutoCode.DependencyInjection\AutoCode.DependencyInjection.csproj", "{54A9C507-DEC9-4BAF-83CD-ABDC77BC70D7}"
EndProject
Project("{FAE04EC0-301F-11D3-BF4B-00C04F79EFBC}") = "AutoCode.Dto", "AutoCode.Dto\AutoCode.Dto.csproj", "{235298C1-8455-4903-88EB-4C8D868FDDF3}"
EndProject
Project("{FAE04EC0-301F-11D3-BF4B-00C04F79EFBC}") = "AutoCode.Validation", "AutoCode.Validation\AutoCode.Validation.csproj", "{C5E4B9AA-EB4A-47F4-B588-89E539F210CC}"
EndProject
Project("{FAE04EC0-301F-11D3-BF4B-00C04F79EFBC}") = "AutoCode.WebApi", "AutoCode.WebApi\AutoCode.WebApi.csproj", "{E06ED184-1642-42B7-A4CA-BE576D5DDA7E}"
EndProject
Project("{FAE04EC0-301F-11D3-BF4B-00C04F79EFBC}") = "AutoCode.Cli", "AutoCode.Cli\AutoCode.Cli.csproj", "{CB62C2EC-7F23-4C6B-B80C-26DE8D53AC63}"
EndProject
Project("{FAE04EC0-301F-11D3-BF4B-00C04F79EFBC}") = "AutoCode.Testing", "AutoCode.Testing\AutoCode.Testing.csproj", "{240754CE-C57B-47E6-A8BA-15D2FD577E81}"
EndProject
Project("{FAE04EC0-301F-11D3-BF4B-00C04F79EFBC}") = "AutoCode.Logging", "AutoCode.Logging\AutoCode.Logging.csproj", "{1D7CE315-9E8C-4557-B318-6D837261D7E6}"
EndProject
Project("{FAE04EC0-301F-11D3-BF4B-00C04F79EFBC}") = "AutoCode.Crud", "AutoCode.Crud\AutoCode.Crud.csproj", "{EB0F0F5B-E4B0-445C-A18E-372895BFA03D}"
EndProject
Project("{FAE04EC0-301F-11D3-BF4B-00C04F79EFBC}") = "AutoCode.Engine", "AutoCode.Engine\AutoCode.Engine.csproj", "{4DDF634B-3AF9-4BFE-8953-967A5A8E0EED}"
EndProject
Project("{FAE04EC0-301F-11D3-BF4B-00C04F79EFBC}") = "AutoCode.Plugins.Mapper", "AutoCode.Plugins.Mapper\AutoCode.Plugins.Mapper.csproj", "{FBE17D99-047C-4754-BCEF-DDF54ED3C43E}"
EndProject
Project("{FAE04EC0-301F-11D3-BF4B-00C04F79EFBC}") = "AutoCode.Plugins.DependencyInjection", "AutoCode.Plugins.DependencyInjection\AutoCode.Plugins.DependencyInjection.csproj", "{D673B78A-48B7-4C10-A1DF-50437F57D16D}"
EndProject
Project("{FAE04EC0-301F-11D3-BF4B-00C04F79EFBC}") = "AutoCode.Plugins.Validation", "AutoCode.Plugins.Validation\AutoCode.Plugins.Validation.csproj", "{C6BDF4EC-B03D-435A-B440-2CD83BCA2DCB}"
EndProject
Project("{FAE04EC0-301F-11D3-BF4B-00C04F79EFBC}") = "AutoCode.Plugins.WebApi", "AutoCode.Plugins.WebApi\AutoCode.Plugins.WebApi.csproj", "{33C797EB-8C28-4901-9243-63641E4F81E8}"
EndProject
Project("{FAE04EC0-301F-11D3-BF4B-00C04F79EFBC}") = "AutoCode.Plugins.Crud", "AutoCode.Plugins.Crud\AutoCode.Plugins.Crud.csproj", "{0978EF20-BC71-4342-9AF7-C03201156CB8}"
EndProject
Project("{FAE04EC0-301F-11D3-BF4B-00C04F79EFBC}") = "AutoCode.Plugins.Dto", "AutoCode.Plugins.Dto\AutoCode.Plugins.Dto.csproj", "{B23AF5E3-2F92-44A0-812F-38D624368522}"
EndProject
Project("{FAE04EC0-301F-11D3-BF4B-00C04F79EFBC}") = "AutoCode.Plugins.Testing", "AutoCode.Plugins.Testing\AutoCode.Plugins.Testing.csproj", "{A775FEA4-02A9-4AAA-93E6-BE2E17DD1B93}"
EndProject
Project("{FAE04EC0-301F-11D3-BF4B-00C04F79EFBC}") = "AutoCode.Plugins.Logging", "AutoCode.Plugins.Logging\AutoCode.Plugins.Logging.csproj", "{04B736BC-FB28-45BE-9DFC-E51807957EF0}"
EndProject
Project("{FAE04EC0-301F-11D3-BF4B-00C04F79EFBC}") = "AutoCode.Plugins.Interface", "AutoCode.Plugins.Interface\AutoCode.Plugins.Interface.csproj", "{DA09DAA2-2B97-4921-A70B-208CFABB08B1}"
EndProject
Project("{FAE04EC0-301F-11D3-BF4B-00C04F79EFBC}") = "AutoCode.Plugins.Cascade", "AutoCode.Plugins.Cascade\AutoCode.Plugins.Cascade.csproj", "{C45CC793-6507-4631-9B67-2EB9A4409C00}"
EndProject
Project("{FAE04EC0-301F-11D3-BF4B-00C04F79EFBC}") = "AutoCode.Plugin.Sdk", "AutoCode.Plugin.Sdk\AutoCode.Plugin.Sdk.csproj", "{0B0AD2AF-DA00-498D-826F-DC514511742C}"
EndProject
Project("{FAE04EC0-301F-11D3-BF4B-00C04F79EFBC}") = "AutoCode.Tests.V2", "AutoCode.Tests.V2\AutoCode.Tests.V2.csproj", "{C69FBC59-E140-4E31-AE0C-C518CEEF12B3}"
EndProject
Project("{2150E333-8FDC-42A3-9474-1A3956D46DE8}") = "Samples", "Samples", "{5D20AA90-6969-D8BD-9DCD-8634F4692FDA}"
EndProject
Project("{FAE04EC0-301F-11D3-BF4B-00C04F79EFBC}") = "V2Demo", "Samples\V2Demo\V2Demo.csproj", "{D111B726-D849-4297-BAF4-AD2958B69978}"
EndProject
Project("{FAE04EC0-301F-11D3-BF4B-00C04F79EFBC}") = "AutoCode.Intercept", "AutoCode.Intercept\AutoCode.Intercept.csproj", "{A8B7F2B3-2A5D-4FD6-9112-A3CBBAFA44FD}"
EndProject
Project("{FAE04EC0-301F-11D3-BF4B-00C04F79EFBC}") = "AutoCode.Plugins.Intercept", "AutoCode.Plugins.Intercept\AutoCode.Plugins.Intercept.csproj", "{BD5574D2-B144-4315-9F4D-EED0D6ED96D9}"
EndProject
Project("{FAE04EC0-301F-11D3-BF4B-00C04F79EFBC}") = "AutoCode.Benchmarks", "AutoCode.Benchmarks\AutoCode.Benchmarks.csproj", "{705A6769-6C50-4263-8720-A76233154A8F}"
EndProject
Global
	GlobalSection(SolutionConfigurationPlatforms) = preSolution
		Debug|Any CPU = Debug|Any CPU
		Debug|x64 = Debug|x64
		Debug|x86 = Debug|x86
		Publish|Any CPU = Publish|Any CPU
		Publish|x64 = Publish|x64
		Publish|x86 = Publish|x86
		Release|Any CPU = Release|Any CPU
		Release|x64 = Release|x64
		Release|x86 = Release|x86
	EndGlobalSection
	GlobalSection(ProjectConfigurationPlatforms) = postSolution
		{72A53FCA-0F92-404E-BE8B-88A5C6E0A968}.Debug|Any CPU.ActiveCfg = Debug|Any CPU
		{72A53FCA-0F92-404E-BE8B-88A5C6E0A968}.Debug|Any CPU.Build.0 = Debug|Any CPU
		{72A53FCA-0F92-404E-BE8B-88A5C6E0A968}.Debug|x64.ActiveCfg = Debug|Any CPU
		{72A53FCA-0F92-404E-BE8B-88A5C6E0A968}.Debug|x64.Build.0 = Debug|Any CPU
		{72A53FCA-0F92-404E-BE8B-88A5C6E0A968}.Debug|x86.ActiveCfg = Debug|Any CPU
		{72A53FCA-0F92-404E-BE8B-88A5C6E0A968}.Debug|x86.Build.0 = Debug|Any CPU
		{72A53FCA-0F92-404E-BE8B-88A5C6E0A968}.Publish|Any CPU.ActiveCfg = Publish|Any CPU
		{72A53FCA-0F92-404E-BE8B-88A5C6E0A968}.Publish|x64.ActiveCfg = Publish|Any CPU
		{72A53FCA-0F92-404E-BE8B-88A5C6E0A968}.Publish|x64.Build.0 = Publish|Any CPU
		{72A53FCA-0F92-404E-BE8B-88A5C6E0A968}.Publish|x86.ActiveCfg = Publish|Any CPU
		{72A53FCA-0F92-404E-BE8B-88A5C6E0A968}.Publish|x86.Build.0 = Publish|Any CPU
		{72A53FCA-0F92-404E-BE8B-88A5C6E0A968}.Release|Any CPU.ActiveCfg = Release|Any CPU
		{72A53FCA-0F92-404E-BE8B-88A5C6E0A968}.Release|Any CPU.Build.0 = Release|Any CPU
		{72A53FCA-0F92-404E-BE8B-88A5C6E0A968}.Release|x64.ActiveCfg = Release|Any CPU
		{72A53FCA-0F92-404E-BE8B-88A5C6E0A968}.Release|x64.Build.0 = Release|Any CPU
		{72A53FCA-0F92-404E-BE8B-88A5C6E0A968}.Release|x86.ActiveCfg = Release|Any CPU
		{72A53FCA-0F92-404E-BE8B-88A5C6E0A968}.Release|x86.Build.0 = Release|Any CPU
		{281FB31E-4A14-4018-86C1-A2BA0075BE75}.Debug|Any CPU.ActiveCfg = Debug|Any CPU
		{281FB31E-4A14-4018-86C1-A2BA0075BE75}.Debug|Any CPU.Build.0 = Debug|Any CPU
		{281FB31E-4A14-4018-86C1-A2BA0075BE75}.Debug|x64.ActiveCfg = Debug|Any CPU
		{281FB31E-4A14-4018-86C1-A2BA0075BE75}.Debug|x64.Build.0 = Debug|Any CPU
		{281FB31E-4A14-4018-86C1-A2BA0075BE75}.Debug|x86.ActiveCfg = Debug|Any CPU
		{281FB31E-4A14-4018-86C1-A2BA0075BE75}.Debug|x86.Build.0 = Debug|Any CPU
		{281FB31E-4A14-4018-86C1-A2BA0075BE75}.Publish|Any CPU.ActiveCfg = Publish|Any CPU
		{281FB31E-4A14-4018-86C1-A2BA0075BE75}.Publish|x64.ActiveCfg = Publish|Any CPU
		{281FB31E-4A14-4018-86C1-A2BA0075BE75}.Publish|x64.Build.0 = Publish|Any CPU
		{281FB31E-4A14-4018-86C1-A2BA0075BE75}.Publish|x86.ActiveCfg = Publish|Any CPU
		{281FB31E-4A14-4018-86C1-A2BA0075BE75}.Publish|x86.Build.0 = Publish|Any CPU
		{281FB31E-4A14-4018-86C1-A2BA0075BE75}.Release|Any CPU.ActiveCfg = Release|Any CPU
		{281FB31E-4A14-4018-86C1-A2BA0075BE75}.Release|Any CPU.Build.0 = Release|Any CPU
		{281FB31E-4A14-4018-86C1-A2BA0075BE75}.Release|x64.ActiveCfg = Release|Any CPU
		{281FB31E-4A14-4018-86C1-A2BA0075BE75}.Release|x64.Build.0 = Release|Any CPU
		{281FB31E-4A14-4018-86C1-A2BA0075BE75}.Release|x86.ActiveCfg = Release|Any CPU
		{281FB31E-4A14-4018-86C1-A2BA0075BE75}.Release|x86.Build.0 = Release|Any CPU
		{234B9E74-A224-435A-A5AD-A9F5A80C2D9C}.Debug|Any CPU.ActiveCfg = Debug|Any CPU
		{234B9E74-A224-435A-A5AD-A9F5A80C2D9C}.Debug|Any CPU.Build.0 = Debug|Any CPU
		{234B9E74-A224-435A-A5AD-A9F5A80C2D9C}.Debug|x64.ActiveCfg = Debug|Any CPU
		{234B9E74-A224-435A-A5AD-A9F5A80C2D9C}.Debug|x64.Build.0 = Debug|Any CPU
		{234B9E74-A224-435A-A5AD-A9F5A80C2D9C}.Debug|x86.ActiveCfg = Debug|Any CPU
		{234B9E74-A224-435A-A5AD-A9F5A80C2D9C}.Debug|x86.Build.0 = Debug|Any CPU
		{234B9E74-A224-435A-A5AD-A9F5A80C2D9C}.Publish|Any CPU.ActiveCfg = Publish|Any CPU
		{234B9E74-A224-435A-A5AD-A9F5A80C2D9C}.Publish|Any CPU.Build.0 = Publish|Any CPU
		{234B9E74-A224-435A-A5AD-A9F5A80C2D9C}.Publish|x64.ActiveCfg = Publish|Any CPU
		{234B9E74-A224-435A-A5AD-A9F5A80C2D9C}.Publish|x64.Build.0 = Publish|Any CPU
		{234B9E74-A224-435A-A5AD-A9F5A80C2D9C}.Publish|x86.ActiveCfg = Publish|Any CPU
		{234B9E74-A224-435A-A5AD-A9F5A80C2D9C}.Publish|x86.Build.0 = Publish|Any CPU
		{234B9E74-A224-435A-A5AD-A9F5A80C2D9C}.Release|Any CPU.ActiveCfg = Release|Any CPU
		{234B9E74-A224-435A-A5AD-A9F5A80C2D9C}.Release|Any CPU.Build.0 = Release|Any CPU
		{234B9E74-A224-435A-A5AD-A9F5A80C2D9C}.Release|x64.ActiveCfg = Release|Any CPU
		{234B9E74-A224-435A-A5AD-A9F5A80C2D9C}.Release|x64.Build.0 = Release|Any CPU
		{234B9E74-A224-435A-A5AD-A9F5A80C2D9C}.Release|x86.ActiveCfg = Release|Any CPU
		{234B9E74-A224-435A-A5AD-A9F5A80C2D9C}.Release|x86.Build.0 = Release|Any CPU
		{F8A86DB9-AFE6-45F0-B4B8-A5FA5A4DEA9B}.Debug|Any CPU.ActiveCfg = Debug|Any CPU
		{F8A86DB9-AFE6-45F0-B4B8-A5FA5A4DEA9B}.Debug|Any CPU.Build.0 = Debug|Any CPU
		{F8A86DB9-AFE6-45F0-B4B8-A5FA5A4DEA9B}.Debug|x64.ActiveCfg = Debug|Any CPU
		{F8A86DB9-AFE6-45F0-B4B8-A5FA5A4DEA9B}.Debug|x64.Build.0 = Debug|Any CPU
		{F8A86DB9-AFE6-45F0-B4B8-A5FA5A4DEA9B}.Debug|x86.ActiveCfg = Debug|Any CPU
		{F8A86DB9-AFE6-45F0-B4B8-A5FA5A4DEA9B}.Debug|x86.Build.0 = Debug|Any CPU
		{F8A86DB9-AFE6-45F0-B4B8-A5FA5A4DEA9B}.Publish|Any CPU.ActiveCfg = Publish|Any CPU
		{F8A86DB9-AFE6-45F0-B4B8-A5FA5A4DEA9B}.Publish|x64.ActiveCfg = Publish|Any CPU
		{F8A86DB9-AFE6-45F0-B4B8-A5FA5A4DEA9B}.Publish|x64.Build.0 = Publish|Any CPU
		{F8A86DB9-AFE6-45F0-B4B8-A5FA5A4DEA9B}.Publish|x86.ActiveCfg = Publish|Any CPU
		{F8A86DB9-AFE6-45F0-B4B8-A5FA5A4DEA9B}.Publish|x86.Build.0 = Publish|Any CPU
		{F8A86DB9-AFE6-45F0-B4B8-A5FA5A4DEA9B}.Release|Any CPU.ActiveCfg = Release|Any CPU
		{F8A86DB9-AFE6-45F0-B4B8-A5FA5A4DEA9B}.Release|Any CPU.Build.0 = Release|Any CPU
		{F8A86DB9-AFE6-45F0-B4B8-A5FA5A4DEA9B}.Release|x64.ActiveCfg = Release|Any CPU
		{F8A86DB9-AFE6-45F0-B4B8-A5FA5A4DEA9B}.Release|x64.Build.0 = Release|Any CPU
		{F8A86DB9-AFE6-45F0-B4B8-A5FA5A4DEA9B}.Release|x86.ActiveCfg = Release|Any CPU
		{F8A86DB9-AFE6-45F0-B4B8-A5FA5A4DEA9B}.Release|x86.Build.0 = Release|Any CPU
		{A8220401-044B-467A-9565-900F58E0B329}.Debug|Any CPU.ActiveCfg = Debug|Any CPU
		{A8220401-044B-467A-9565-900F58E0B329}.Debug|Any CPU.Build.0 = Debug|Any CPU
		{A8220401-044B-467A-9565-900F58E0B329}.Debug|x64.ActiveCfg = Debug|Any CPU
		{A8220401-044B-467A-9565-900F58E0B329}.Debug|x64.Build.0 = Debug|Any CPU
		{A8220401-044B-467A-9565-900F58E0B329}.Debug|x86.ActiveCfg = Debug|Any CPU
		{A8220401-044B-467A-9565-900F58E0B329}.Debug|x86.Build.0 = Debug|Any CPU
		{A8220401-044B-467A-9565-900F58E0B329}.Publish|Any CPU.ActiveCfg = Debug|Any CPU
		{A8220401-044B-467A-9565-900F58E0B329}.Publish|x64.ActiveCfg = Release|Any CPU
		{A8220401-044B-467A-9565-900F58E0B329}.Publish|x64.Build.0 = Release|Any CPU
		{A8220401-044B-467A-9565-900F58E0B329}.Publish|x86.ActiveCfg = Publish|Any CPU
		{A8220401-044B-467A-9565-900F58E0B329}.Publish|x86.Build.0 = Publish|Any CPU
		{A8220401-044B-467A-9565-900F58E0B329}.Release|Any CPU.ActiveCfg = Release|Any CPU
		{A8220401-044B-467A-9565-900F58E0B329}.Release|Any CPU.Build.0 = Release|Any CPU
		{A8220401-044B-467A-9565-900F58E0B329}.Release|x64.ActiveCfg = Release|Any CPU
		{A8220401-044B-467A-9565-900F58E0B329}.Release|x64.Build.0 = Release|Any CPU
		{A8220401-044B-467A-9565-900F58E0B329}.Release|x86.ActiveCfg = Release|Any CPU
		{A8220401-044B-467A-9565-900F58E0B329}.Release|x86.Build.0 = Release|Any CPU
		{132B4FCB-0E7E-40AF-8764-D57B8075F1F2}.Debug|Any CPU.ActiveCfg = Debug|Any CPU
		{132B4FCB-0E7E-40AF-8764-D57B8075F1F2}.Debug|Any CPU.Build.0 = Debug|Any CPU
		{132B4FCB-0E7E-40AF-8764-D57B8075F1F2}.Debug|x64.ActiveCfg = Debug|Any CPU
		{132B4FCB-0E7E-40AF-8764-D57B8075F1F2}.Debug|x64.Build.0 = Debug|Any CPU
		{132B4FCB-0E7E-40AF-8764-D57B8075F1F2}.Debug|x86.ActiveCfg = Debug|Any CPU
		{132B4FCB-0E7E-40AF-8764-D57B8075F1F2}.Debug|x86.Build.0 = Debug|Any CPU
		{132B4FCB-0E7E-40AF-8764-D57B8075F1F2}.Publish|Any CPU.ActiveCfg = Debug|Any CPU
		{132B4FCB-0E7E-40AF-8764-D57B8075F1F2}.Publish|x64.ActiveCfg = Release|Any CPU
		{132B4FCB-0E7E-40AF-8764-D57B8075F1F2}.Publish|x64.Build.0 = Release|Any CPU
		{132B4FCB-0E7E-40AF-8764-D57B8075F1F2}.Publish|x86.ActiveCfg = Publish|Any CPU
		{132B4FCB-0E7E-40AF-8764-D57B8075F1F2}.Publish|x86.Build.0 = Publish|Any CPU
		{132B4FCB-0E7E-40AF-8764-D57B8075F1F2}.Release|Any CPU.ActiveCfg = Release|Any CPU
		{132B4FCB-0E7E-40AF-8764-D57B8075F1F2}.Release|Any CPU.Build.0 = Release|Any CPU
		{132B4FCB-0E7E-40AF-8764-D57B8075F1F2}.Release|x64.ActiveCfg = Release|Any CPU
		{132B4FCB-0E7E-40AF-8764-D57B8075F1F2}.Release|x64.Build.0 = Release|Any CPU
		{132B4FCB-0E7E-40AF-8764-D57B8075F1F2}.Release|x86.ActiveCfg = Release|Any CPU
		{132B4FCB-0E7E-40AF-8764-D57B8075F1F2}.Release|x86.Build.0 = Release|Any CPU
		{043D544D-8613-4D86-97F0-45F2739281CC}.Debug|Any CPU.ActiveCfg = Debug|Any CPU
		{043D544D-8613-4D86-97F0-45F2739281CC}.Debug|Any CPU.Build.0 = Debug|Any CPU
		{043D544D-8613-4D86-97F0-45F2739281CC}.Debug|x64.ActiveCfg = Debug|Any CPU
		{043D544D-8613-4D86-97F0-45F2739281CC}.Debug|x64.Build.0 = Debug|Any CPU
		{043D544D-8613-4D86-97F0-45F2739281CC}.Debug|x86.ActiveCfg = Debug|Any CPU
		{043D544D-8613-4D86-97F0-45F2739281CC}.Debug|x86.Build.0 = Debug|Any CPU
		{043D544D-8613-4D86-97F0-45F2739281CC}.Publish|Any CPU.ActiveCfg = Debug|Any CPU
		{043D544D-8613-4D86-97F0-45F2739281CC}.Publish|x64.ActiveCfg = Release|Any CPU
		{043D544D-8613-4D86-97F0-45F2739281CC}.Publish|x64.Build.0 = Release|Any CPU
		{043D544D-8613-4D86-97F0-45F2739281CC}.Publish|x86.ActiveCfg = Publish|Any CPU
		{043D544D-8613-4D86-97F0-45F2739281CC}.Publish|x86.Build.0 = Publish|Any CPU
		{043D544D-8613-4D86-97F0-45F2739281CC}.Release|Any CPU.ActiveCfg = Release|Any CPU
		{043D544D-8613-4D86-97F0-45F2739281CC}.Release|Any CPU.Build.0 = Release|Any CPU
		{043D544D-8613-4D86-97F0-45F2739281CC}.Release|x64.ActiveCfg = Release|Any CPU
		{043D544D-8613-4D86-97F0-45F2739281CC}.Release|x64.Build.0 = Release|Any CPU
		{043D544D-8613-4D86-97F0-45F2739281CC}.Release|x86.ActiveCfg = Release|Any CPU
		{043D544D-8613-4D86-97F0-45F2739281CC}.Release|x86.Build.0 = Release|Any CPU
		{88322990-1399-4FD7-B2A3-E7C3C4A7C7A2}.Debug|Any CPU.ActiveCfg = Debug|Any CPU
		{88322990-1399-4FD7-B2A3-E7C3C4A7C7A2}.Debug|Any CPU.Build.0 = Debug|Any CPU
		{88322990-1399-4FD7-B2A3-E7C3C4A7C7A2}.Debug|x64.ActiveCfg = Debug|Any CPU
		{88322990-1399-4FD7-B2A3-E7C3C4A7C7A2}.Debug|x64.Build.0 = Debug|Any CPU
		{88322990-1399-4FD7-B2A3-E7C3C4A7C7A2}.Debug|x86.ActiveCfg = Debug|Any CPU
		{88322990-1399-4FD7-B2A3-E7C3C4A7C7A2}.Debug|x86.Build.0 = Debug|Any CPU
		{88322990-1399-4FD7-B2A3-E7C3C4A7C7A2}.Publish|Any CPU.ActiveCfg = Debug|Any CPU
		{88322990-1399-4FD7-B2A3-E7C3C4A7C7A2}.Publish|x64.ActiveCfg = Debug|Any CPU
		{88322990-1399-4FD7-B2A3-E7C3C4A7C7A2}.Publish|x64.Build.0 = Debug|Any CPU
		{88322990-1399-4FD7-B2A3-E7C3C4A7C7A2}.Publish|x86.ActiveCfg = Publish|Any CPU
		{88322990-1399-4FD7-B2A3-E7C3C4A7C7A2}.Publish|x86.Build.0 = Publish|Any CPU
		{88322990-1399-4FD7-B2A3-E7C3C4A7C7A2}.Release|Any CPU.ActiveCfg = Release|Any CPU
		{88322990-1399-4FD7-B2A3-E7C3C4A7C7A2}.Release|Any CPU.Build.0 = Release|Any CPU
		{88322990-1399-4FD7-B2A3-E7C3C4A7C7A2}.Release|x64.ActiveCfg = Release|Any CPU
		{88322990-1399-4FD7-B2A3-E7C3C4A7C7A2}.Release|x64.Build.0 = Release|Any CPU
		{88322990-1399-4FD7-B2A3-E7C3C4A7C7A2}.Release|x86.ActiveCfg = Release|Any CPU
		{88322990-1399-4FD7-B2A3-E7C3C4A7C7A2}.Release|x86.Build.0 = Release|Any CPU
		{4695A2A1-E272-4E21-8421-C779E75E4D34}.Debug|Any CPU.ActiveCfg = Debug|Any CPU
		{4695A2A1-E272-4E21-8421-C779E75E4D34}.Debug|Any CPU.Build.0 = Debug|Any CPU
		{4695A2A1-E272-4E21-8421-C779E75E4D34}.Debug|x64.ActiveCfg = Debug|Any CPU
		{4695A2A1-E272-4E21-8421-C779E75E4D34}.Debug|x64.Build.0 = Debug|Any CPU
		{4695A2A1-E272-4E21-8421-C779E75E4D34}.Debug|x86.ActiveCfg = Debug|Any CPU
		{4695A2A1-E272-4E21-8421-C779E75E4D34}.Debug|x86.Build.0 = Debug|Any CPU
		{4695A2A1-E272-4E21-8421-C779E75E4D34}.Publish|Any CPU.ActiveCfg = Debug|Any CPU
		{4695A2A1-E272-4E21-8421-C779E75E4D34}.Publish|Any CPU.Build.0 = Debug|Any CPU
		{4695A2A1-E272-4E21-8421-C779E75E4D34}.Publish|x64.ActiveCfg = Debug|Any CPU
		{4695A2A1-E272-4E21-8421-C779E75E4D34}.Publish|x64.Build.0 = Debug|Any CPU
		{4695A2A1-E272-4E21-8421-C779E75E4D34}.Publish|x86.ActiveCfg = Publish|Any CPU
		{4695A2A1-E272-4E21-8421-C779E75E4D34}.Publish|x86.Build.0 = Publish|Any CPU
		{4695A2A1-E272-4E21-8421-C779E75E4D34}.Release|Any CPU.ActiveCfg = Release|Any CPU
		{4695A2A1-E272-4E21-8421-C779E75E4D34}.Release|Any CPU.Build.0 = Release|Any CPU
		{4695A2A1-E272-4E21-8421-C779E75E4D34}.Release|x64.ActiveCfg = Release|Any CPU
		{4695A2A1-E272-4E21-8421-C779E75E4D34}.Release|x64.Build.0 = Release|Any CPU
		{4695A2A1-E272-4E21-8421-C779E75E4D34}.Release|x86.ActiveCfg = Release|Any CPU
		{4695A2A1-E272-4E21-8421-C779E75E4D34}.Release|x86.Build.0 = Release|Any CPU
		{09CE7A68-B0CC-4B95-88BD-B5D268E927C3}.Debug|Any CPU.ActiveCfg = Debug|Any CPU
		{09CE7A68-B0CC-4B95-88BD-B5D268E927C3}.Debug|Any CPU.Build.0 = Debug|Any CPU
		{09CE7A68-B0CC-4B95-88BD-B5D268E927C3}.Debug|x64.ActiveCfg = Debug|Any CPU
		{09CE7A68-B0CC-4B95-88BD-B5D268E927C3}.Debug|x64.Build.0 = Debug|Any CPU
		{09CE7A68-B0CC-4B95-88BD-B5D268E927C3}.Debug|x86.ActiveCfg = Debug|Any CPU
		{09CE7A68-B0CC-4B95-88BD-B5D268E927C3}.Debug|x86.Build.0 = Debug|Any CPU
		{09CE7A68-B0CC-4B95-88BD-B5D268E927C3}.Publish|Any CPU.ActiveCfg = Debug|Any CPU
		{09CE7A68-B0CC-4B95-88BD-B5D268E927C3}.Publish|Any CPU.Build.0 = Debug|Any CPU
		{09CE7A68-B0CC-4B95-88BD-B5D268E927C3}.Publish|x64.ActiveCfg = Debug|Any CPU
		{09CE7A68-B0CC-4B95-88BD-B5D268E927C3}.Publish|x64.Build.0 = Debug|Any CPU
		{09CE7A68-B0CC-4B95-88BD-B5D268E927C3}.Publish|x86.ActiveCfg = Publish|Any CPU
		{09CE7A68-B0CC-4B95-88BD-B5D268E927C3}.Publish|x86.Build.0 = Publish|Any CPU
		{09CE7A68-B0CC-4B95-88BD-B5D268E927C3}.Release|Any CPU.ActiveCfg = Release|Any CPU
		{09CE7A68-B0CC-4B95-88BD-B5D268E927C3}.Release|Any CPU.Build.0 = Release|Any CPU
		{09CE7A68-B0CC-4B95-88BD-B5D268E927C3}.Release|x64.ActiveCfg = Release|Any CPU
		{09CE7A68-B0CC-4B95-88BD-B5D268E927C3}.Release|x64.Build.0 = Release|Any CPU
		{09CE7A68-B0CC-4B95-88BD-B5D268E927C3}.Release|x86.ActiveCfg = Release|Any CPU
		{09CE7A68-B0CC-4B95-88BD-B5D268E927C3}.Release|x86.Build.0 = Release|Any CPU
		{ED4C9E7E-D786-4E19-A72B-68AF5949870D}.Debug|Any CPU.ActiveCfg = Debug|Any CPU
		{ED4C9E7E-D786-4E19-A72B-68AF5949870D}.Debug|Any CPU.Build.0 = Debug|Any CPU
		{ED4C9E7E-D786-4E19-A72B-68AF5949870D}.Debug|x64.ActiveCfg = Debug|Any CPU
		{ED4C9E7E-D786-4E19-A72B-68AF5949870D}.Debug|x64.Build.0 = Debug|Any CPU
		{ED4C9E7E-D786-4E19-A72B-68AF5949870D}.Debug|x86.ActiveCfg = Debug|Any CPU
		{ED4C9E7E-D786-4E19-A72B-68AF5949870D}.Debug|x86.Build.0 = Debug|Any CPU
		{ED4C9E7E-D786-4E19-A72B-68AF5949870D}.Publish|Any CPU.ActiveCfg = Debug|Any CPU
		{ED4C9E7E-D786-4E19-A72B-68AF5949870D}.Publish|Any CPU.Build.0 = Debug|Any CPU
		{ED4C9E7E-D786-4E19-A72B-68AF5949870D}.Publish|x64.ActiveCfg = Debug|Any CPU
		{ED4C9E7E-D786-4E19-A72B-68AF5949870D}.Publish|x64.Build.0 = Debug|Any CPU
		{ED4C9E7E-D786-4E19-A72B-68AF5949870D}.Publish|x86.ActiveCfg = Publish|Any CPU
		{ED4C9E7E-D786-4E19-A72B-68AF5949870D}.Publish|x86.Build.0 = Publish|Any CPU
		{ED4C9E7E-D786-4E19-A72B-68AF5949870D}.Release|Any CPU.ActiveCfg = Release|Any CPU
		{ED4C9E7E-D786-4E19-A72B-68AF5949870D}.Release|Any CPU.Build.0 = Release|Any CPU
		{ED4C9E7E-D786-4E19-A72B-68AF5949870D}.Release|x64.ActiveCfg = Release|Any CPU
		{ED4C9E7E-D786-4E19-A72B-68AF5949870D}.Release|x64.Build.0 = Release|Any CPU
		{ED4C9E7E-D786-4E19-A72B-68AF5949870D}.Release|x86.ActiveCfg = Release|Any CPU
		{ED4C9E7E-D786-4E19-A72B-68AF5949870D}.Release|x86.Build.0 = Release|Any CPU
		{BA87981A-7182-4B18-B78F-C2A86D0CEB31}.Debug|Any CPU.ActiveCfg = Debug|Any CPU
		{BA87981A-7182-4B18-B78F-C2A86D0CEB31}.Debug|Any CPU.Build.0 = Debug|Any CPU
		{BA87981A-7182-4B18-B78F-C2A86D0CEB31}.Debug|x64.ActiveCfg = Debug|Any CPU
		{BA87981A-7182-4B18-B78F-C2A86D0CEB31}.Debug|x64.Build.0 = Debug|Any CPU
		{BA87981A-7182-4B18-B78F-C2A86D0CEB31}.Debug|x86.ActiveCfg = Debug|Any CPU
		{BA87981A-7182-4B18-B78F-C2A86D0CEB31}.Debug|x86.Build.0 = Debug|Any CPU
		{BA87981A-7182-4B18-B78F-C2A86D0CEB31}.Publish|Any CPU.ActiveCfg = Debug|Any CPU
		{BA87981A-7182-4B18-B78F-C2A86D0CEB31}.Publish|Any CPU.Build.0 = Debug|Any CPU
		{BA87981A-7182-4B18-B78F-C2A86D0CEB31}.Publish|x64.ActiveCfg = Debug|Any CPU
		{BA87981A-7182-4B18-B78F-C2A86D0CEB31}.Publish|x64.Build.0 = Debug|Any CPU
		{BA87981A-7182-4B18-B78F-C2A86D0CEB31}.Publish|x86.ActiveCfg = Publish|Any CPU
		{BA87981A-7182-4B18-B78F-C2A86D0CEB31}.Publish|x86.Build.0 = Publish|Any CPU
		{BA87981A-7182-4B18-B78F-C2A86D0CEB31}.Release|Any CPU.ActiveCfg = Release|Any CPU
		{BA87981A-7182-4B18-B78F-C2A86D0CEB31}.Release|Any CPU.Build.0 = Release|Any CPU
		{BA87981A-7182-4B18-B78F-C2A86D0CEB31}.Release|x64.ActiveCfg = Release|Any CPU
		{BA87981A-7182-4B18-B78F-C2A86D0CEB31}.Release|x64.Build.0 = Release|Any CPU
		{BA87981A-7182-4B18-B78F-C2A86D0CEB31}.Release|x86.ActiveCfg = Release|Any CPU
		{BA87981A-7182-4B18-B78F-C2A86D0CEB31}.Release|x86.Build.0 = Release|Any CPU
		{78E49FFB-3B82-4907-A028-F2EDA938F476}.Debug|Any CPU.ActiveCfg = Debug|Any CPU
		{78E49FFB-3B82-4907-A028-F2EDA938F476}.Debug|Any CPU.Build.0 = Debug|Any CPU
		{78E49FFB-3B82-4907-A028-F2EDA938F476}.Debug|x64.ActiveCfg = Debug|Any CPU
		{78E49FFB-3B82-4907-A028-F2EDA938F476}.Debug|x64.Build.0 = Debug|Any CPU
		{78E49FFB-3B82-4907-A028-F2EDA938F476}.Debug|x86.ActiveCfg = Debug|Any CPU
		{78E49FFB-3B82-4907-A028-F2EDA938F476}.Debug|x86.Build.0 = Debug|Any CPU
		{78E49FFB-3B82-4907-A028-F2EDA938F476}.Publish|Any CPU.ActiveCfg = Debug|Any CPU
		{78E49FFB-3B82-4907-A028-F2EDA938F476}.Publish|Any CPU.Build.0 = Debug|Any CPU
		{78E49FFB-3B82-4907-A028-F2EDA938F476}.Publish|x64.ActiveCfg = Debug|Any CPU
		{78E49FFB-3B82-4907-A028-F2EDA938F476}.Publish|x64.Build.0 = Debug|Any CPU
		{78E49FFB-3B82-4907-A028-F2EDA938F476}.Publish|x86.ActiveCfg = Publish|Any CPU
		{78E49FFB-3B82-4907-A028-F2EDA938F476}.Publish|x86.Build.0 = Publish|Any CPU
		{78E49FFB-3B82-4907-A028-F2EDA938F476}.Release|Any CPU.ActiveCfg = Release|Any CPU
		{78E49FFB-3B82-4907-A028-F2EDA938F476}.Release|Any CPU.Build.0 = Release|Any CPU
		{78E49FFB-3B82-4907-A028-F2EDA938F476}.Release|x64.ActiveCfg = Release|Any CPU
		{78E49FFB-3B82-4907-A028-F2EDA938F476}.Release|x64.Build.0 = Release|Any CPU
		{78E49FFB-3B82-4907-A028-F2EDA938F476}.Release|x86.ActiveCfg = Release|Any CPU
		{78E49FFB-3B82-4907-A028-F2EDA938F476}.Release|x86.Build.0 = Release|Any CPU
		{42D28DE2-C461-460E-97B7-09CB82AFFA24}.Debug|Any CPU.ActiveCfg = Debug|Any CPU
		{42D28DE2-C461-460E-97B7-09CB82AFFA24}.Debug|Any CPU.Build.0 = Debug|Any CPU
		{42D28DE2-C461-460E-97B7-09CB82AFFA24}.Debug|x64.ActiveCfg = Debug|Any CPU
		{42D28DE2-C461-460E-97B7-09CB82AFFA24}.Debug|x64.Build.0 = Debug|Any CPU
		{42D28DE2-C461-460E-97B7-09CB82AFFA24}.Debug|x86.ActiveCfg = Debug|Any CPU
		{42D28DE2-C461-460E-97B7-09CB82AFFA24}.Debug|x86.Build.0 = Debug|Any CPU
		{42D28DE2-C461-460E-97B7-09CB82AFFA24}.Publish|Any CPU.ActiveCfg = Debug|Any CPU
		{42D28DE2-C461-460E-97B7-09CB82AFFA24}.Publish|Any CPU.Build.0 = Debug|Any CPU
		{42D28DE2-C461-460E-97B7-09CB82AFFA24}.Publish|x64.ActiveCfg = Debug|Any CPU
		{42D28DE2-C461-460E-97B7-09CB82AFFA24}.Publish|x64.Build.0 = Debug|Any CPU
		{42D28DE2-C461-460E-97B7-09CB82AFFA24}.Publish|x86.ActiveCfg = Debug|Any CPU
		{42D28DE2-C461-460E-97B7-09CB82AFFA24}.Publish|x86.Build.0 = Debug|Any CPU
		{42D28DE2-C461-460E-97B7-09CB82AFFA24}.Release|Any CPU.ActiveCfg = Release|Any CPU
		{42D28DE2-C461-460E-97B7-09CB82AFFA24}.Release|Any CPU.Build.0 = Release|Any CPU
		{42D28DE2-C461-460E-97B7-09CB82AFFA24}.Release|x64.ActiveCfg = Release|Any CPU
		{42D28DE2-C461-460E-97B7-09CB82AFFA24}.Release|x64.Build.0 = Release|Any CPU
		{42D28DE2-C461-460E-97B7-09CB82AFFA24}.Release|x86.ActiveCfg = Release|Any CPU
		{42D28DE2-C461-460E-97B7-09CB82AFFA24}.Release|x86.Build.0 = Release|Any CPU
		{C5631258-1785-434A-9BB7-AE7A8E0ADBF2}.Debug|Any CPU.ActiveCfg = Debug|Any CPU
		{C5631258-1785-434A-9BB7-AE7A8E0ADBF2}.Debug|Any CPU.Build.0 = Debug|Any CPU
		{C5631258-1785-434A-9BB7-AE7A8E0ADBF2}.Debug|x64.ActiveCfg = Debug|Any CPU
		{C5631258-1785-434A-9BB7-AE7A8E0ADBF2}.Debug|x64.Build.0 = Debug|Any CPU
		{C5631258-1785-434A-9BB7-AE7A8E0ADBF2}.Debug|x86.ActiveCfg = Debug|Any CPU
		{C5631258-1785-434A-9BB7-AE7A8E0ADBF2}.Debug|x86.Build.0 = Debug|Any CPU
		{C5631258-1785-434A-9BB7-AE7A8E0ADBF2}.Publish|Any CPU.ActiveCfg = Debug|Any CPU
		{C5631258-1785-434A-9BB7-AE7A8E0ADBF2}.Publish|Any CPU.Build.0 = Debug|Any CPU
		{C5631258-1785-434A-9BB7-AE7A8E0ADBF2}.Publish|x64.ActiveCfg = Debug|Any CPU
		{C5631258-1785-434A-9BB7-AE7A8E0ADBF2}.Publish|x64.Build.0 = Debug|Any CPU
		{C5631258-1785-434A-9BB7-AE7A8E0ADBF2}.Publish|x86.ActiveCfg = Debug|Any CPU
		{C5631258-1785-434A-9BB7-AE7A8E0ADBF2}.Publish|x86.Build.0 = Debug|Any CPU
		{C5631258-1785-434A-9BB7-AE7A8E0ADBF2}.Release|Any CPU.ActiveCfg = Release|Any CPU
		{C5631258-1785-434A-9BB7-AE7A8E0ADBF2}.Release|Any CPU.Build.0 = Release|Any CPU
		{C5631258-1785-434A-9BB7-AE7A8E0ADBF2}.Release|x64.ActiveCfg = Release|Any CPU
		{C5631258-1785-434A-9BB7-AE7A8E0ADBF2}.Release|x64.Build.0 = Release|Any CPU
		{C5631258-1785-434A-9BB7-AE7A8E0ADBF2}.Release|x86.ActiveCfg = Release|Any CPU
		{C5631258-1785-434A-9BB7-AE7A8E0ADBF2}.Release|x86.Build.0 = Release|Any CPU
		{54A9C507-DEC9-4BAF-83CD-ABDC77BC70D7}.Debug|Any CPU.ActiveCfg = Debug|Any CPU
		{54A9C507-DEC9-4BAF-83CD-ABDC77BC70D7}.Debug|Any CPU.Build.0 = Debug|Any CPU
		{54A9C507-DEC9-4BAF-83CD-ABDC77BC70D7}.Debug|x64.ActiveCfg = Debug|Any CPU
		{54A9C507-DEC9-4BAF-83CD-ABDC77BC70D7}.Debug|x64.Build.0 = Debug|Any CPU
		{54A9C507-DEC9-4BAF-83CD-ABDC77BC70D7}.Debug|x86.ActiveCfg = Debug|Any CPU
		{54A9C507-DEC9-4BAF-83CD-ABDC77BC70D7}.Debug|x86.Build.0 = Debug|Any CPU
		{54A9C507-DEC9-4BAF-83CD-ABDC77BC70D7}.Publish|Any CPU.ActiveCfg = Debug|Any CPU
		{54A9C507-DEC9-4BAF-83CD-ABDC77BC70D7}.Publish|Any CPU.Build.0 = Debug|Any CPU
		{54A9C507-DEC9-4BAF-83CD-ABDC77BC70D7}.Publish|x64.ActiveCfg = Debug|Any CPU
		{54A9C507-DEC9-4BAF-83CD-ABDC77BC70D7}.Publish|x64.Build.0 = Debug|Any CPU
		{54A9C507-DEC9-4BAF-83CD-ABDC77BC70D7}.Publish|x86.ActiveCfg = Debug|Any CPU
		{54A9C507-DEC9-4BAF-83CD-ABDC77BC70D7}.Publish|x86.Build.0 = Debug|Any CPU
		{54A9C507-DEC9-4BAF-83CD-ABDC77BC70D7}.Release|Any CPU.ActiveCfg = Release|Any CPU
		{54A9C507-DEC9-4BAF-83CD-ABDC77BC70D7}.Release|Any CPU.Build.0 = Release|Any CPU
		{54A9C507-DEC9-4BAF-83CD-ABDC77BC70D7}.Release|x64.ActiveCfg = Release|Any CPU
		{54A9C507-DEC9-4BAF-83CD-ABDC77BC70D7}.Release|x64.Build.0 = Release|Any CPU
		{54A9C507-DEC9-4BAF-83CD-ABDC77BC70D7}.Release|x86.ActiveCfg = Release|Any CPU
		{54A9C507-DEC9-4BAF-83CD-ABDC77BC70D7}.Release|x86.Build.0 = Release|Any CPU
		{235298C1-8455-4903-88EB-4C8D868FDDF3}.Debug|Any CPU.ActiveCfg = Debug|Any CPU
		{235298C1-8455-4903-88EB-4C8D868FDDF3}.Debug|Any CPU.Build.0 = Debug|Any CPU
		{235298C1-8455-4903-88EB-4C8D868FDDF3}.Debug|x64.ActiveCfg = Debug|Any CPU
		{235298C1-8455-4903-88EB-4C8D868FDDF3}.Debug|x64.Build.0 = Debug|Any CPU
		{235298C1-8455-4903-88EB-4C8D868FDDF3}.Debug|x86.ActiveCfg = Debug|Any CPU
		{235298C1-8455-4903-88EB-4C8D868FDDF3}.Debug|x86.Build.0 = Debug|Any CPU
		{235298C1-8455-4903-88EB-4C8D868FDDF3}.Publish|Any CPU.ActiveCfg = Debug|Any CPU
		{235298C1-8455-4903-88EB-4C8D868FDDF3}.Publish|Any CPU.Build.0 = Debug|Any CPU
		{235298C1-8455-4903-88EB-4C8D868FDDF3}.Publish|x64.ActiveCfg = Debug|Any CPU
		{235298C1-8455-4903-88EB-4C8D868FDDF3}.Publish|x64.Build.0 = Debug|Any CPU
		{235298C1-8455-4903-88EB-4C8D868FDDF3}.Publish|x86.ActiveCfg = Debug|Any CPU
		{235298C1-8455-4903-88EB-4C8D868FDDF3}.Publish|x86.Build.0 = Debug|Any CPU
		{235298C1-8455-4903-88EB-4C8D868FDDF3}.Release|Any CPU.ActiveCfg = Release|Any CPU
		{235298C1-8455-4903-88EB-4C8D868FDDF3}.Release|Any CPU.Build.0 = Release|Any CPU
		{235298C1-8455-4903-88EB-4C8D868FDDF3}.Release|x64.ActiveCfg = Release|Any CPU
		{235298C1-8455-4903-88EB-4C8D868FDDF3}.Release|x64.Build.0 = Release|Any CPU
		{235298C1-8455-4903-88EB-4C8D868FDDF3}.Release|x86.ActiveCfg = Release|Any CPU
		{235298C1-8455-4903-88EB-4C8D868FDDF3}.Release|x86.Build.0 = Release|Any CPU
		{C5E4B9AA-EB4A-47F4-B588-89E539F210CC}.Debug|Any CPU.ActiveCfg = Debug|Any CPU
		{C5E4B9AA-EB4A-47F4-B588-89E539F210CC}.Debug|Any CPU.Build.0 = Debug|Any CPU
		{C5E4B9AA-EB4A-47F4-B588-89E539F210CC}.Debug|x64.ActiveCfg = Debug|Any CPU
		{C5E4B9AA-EB4A-47F4-B588-89E539F210CC}.Debug|x64.Build.0 = Debug|Any CPU
		{C5E4B9AA-EB4A-47F4-B588-89E539F210CC}.Debug|x86.ActiveCfg = Debug|Any CPU
		{C5E4B9AA-EB4A-47F4-B588-89E539F210CC}.Debug|x86.Build.0 = Debug|Any CPU
		{C5E4B9AA-EB4A-47F4-B588-89E539F210CC}.Publish|Any CPU.ActiveCfg = Debug|Any CPU
		{C5E4B9AA-EB4A-47F4-B588-89E539F210CC}.Publish|Any CPU.Build.0 = Debug|Any CPU
		{C5E4B9AA-EB4A-47F4-B588-89E539F210CC}.Publish|x64.ActiveCfg = Debug|Any CPU
		{C5E4B9AA-EB4A-47F4-B588-89E539F210CC}.Publish|x64.Build.0 = Debug|Any CPU
		{C5E4B9AA-EB4A-47F4-B588-89E539F210CC}.Publish|x86.ActiveCfg = Debug|Any CPU
		{C5E4B9AA-EB4A-47F4-B588-89E539F210CC}.Publish|x86.Build.0 = Debug|Any CPU
		{C5E4B9AA-EB4A-47F4-B588-89E539F210CC}.Release|Any CPU.ActiveCfg = Release|Any CPU
		{C5E4B9AA-EB4A-47F4-B588-89E539F210CC}.Release|Any CPU.Build.0 = Release|Any CPU
		{C5E4B9AA-EB4A-47F4-B588-89E539F210CC}.Release|x64.ActiveCfg = Release|Any CPU
		{C5E4B9AA-EB4A-47F4-B588-89E539F210CC}.Release|x64.Build.0 = Release|Any CPU
		{C5E4B9AA-EB4A-47F4-B588-89E539F210CC}.Release|x86.ActiveCfg = Release|Any CPU
		{C5E4B9AA-EB4A-47F4-B588-89E539F210CC}.Release|x86.Build.0 = Release|Any CPU
		{E06ED184-1642-42B7-A4CA-BE576D5DDA7E}.Debug|Any CPU.ActiveCfg = Debug|Any CPU
		{E06ED184-1642-42B7-A4CA-BE576D5DDA7E}.Debug|Any CPU.Build.0 = Debug|Any CPU
		{E06ED184-1642-42B7-A4CA-BE576D5DDA7E}.Debug|x64.ActiveCfg = Debug|Any CPU
		{E06ED184-1642-42B7-A4CA-BE576D5DDA7E}.Debug|x64.Build.0 = Debug|Any CPU
		{E06ED184-1642-42B7-A4CA-BE576D5DDA7E}.Debug|x86.ActiveCfg = Debug|Any CPU
		{E06ED184-1642-42B7-A4CA-BE576D5DDA7E}.Debug|x86.Build.0 = Debug|Any CPU
		{E06ED184-1642-42B7-A4CA-BE576D5DDA7E}.Publish|Any CPU.ActiveCfg = Debug|Any CPU
		{E06ED184-1642-42B7-A4CA-BE576D5DDA7E}.Publish|Any CPU.Build.0 = Debug|Any CPU
		{E06ED184-1642-42B7-A4CA-BE576D5DDA7E}.Publish|x64.ActiveCfg = Debug|Any CPU
		{E06ED184-1642-42B7-A4CA-BE576D5DDA7E}.Publish|x64.Build.0 = Debug|Any CPU
		{E06ED184-1642-42B7-A4CA-BE576D5DDA7E}.Publish|x86.ActiveCfg = Debug|Any CPU
		{E06ED184-1642-42B7-A4CA-BE576D5DDA7E}.Publish|x86.Build.0 = Debug|Any CPU
		{E06ED184-1642-42B7-A4CA-BE576D5DDA7E}.Release|Any CPU.ActiveCfg = Release|Any CPU
		{E06ED184-1642-42B7-A4CA-BE576D5DDA7E}.Release|Any CPU.Build.0 = Release|Any CPU
		{E06ED184-1642-42B7-A4CA-BE576D5DDA7E}.Release|x64.ActiveCfg = Release|Any CPU
		{E06ED184-1642-42B7-A4CA-BE576D5DDA7E}.Release|x64.Build.0 = Release|Any CPU
		{E06ED184-1642-42B7-A4CA-BE576D5DDA7E}.Release|x86.ActiveCfg = Release|Any CPU
		{E06ED184-1642-42B7-A4CA-BE576D5DDA7E}.Release|x86.Build.0 = Release|Any CPU
		{CB62C2EC-7F23-4C6B-B80C-26DE8D53AC63}.Debug|Any CPU.ActiveCfg = Debug|Any CPU
		{CB62C2EC-7F23-4C6B-B80C-26DE8D53AC63}.Debug|Any CPU.Build.0 = Debug|Any CPU
		{CB62C2EC-7F23-4C6B-B80C-26DE8D53AC63}.Debug|x64.ActiveCfg = Debug|Any CPU
		{CB62C2EC-7F23-4C6B-B80C-26DE8D53AC63}.Debug|x64.Build.0 = Debug|Any CPU
		{CB62C2EC-7F23-4C6B-B80C-26DE8D53AC63}.Debug|x86.ActiveCfg = Debug|Any CPU
		{CB62C2EC-7F23-4C6B-B80C-26DE8D53AC63}.Debug|x86.Build.0 = Debug|Any CPU
		{CB62C2EC-7F23-4C6B-B80C-26DE8D53AC63}.Publish|Any CPU.ActiveCfg = Debug|Any CPU
		{CB62C2EC-7F23-4C6B-B80C-26DE8D53AC63}.Publish|Any CPU.Build.0 = Debug|Any CPU
		{CB62C2EC-7F23-4C6B-B80C-26DE8D53AC63}.Publish|x64.ActiveCfg = Debug|Any CPU
		{CB62C2EC-7F23-4C6B-B80C-26DE8D53AC63}.Publish|x64.Build.0 = Debug|Any CPU
		{CB62C2EC-7F23-4C6B-B80C-26DE8D53AC63}.Publish|x86.ActiveCfg = Debug|Any CPU
		{CB62C2EC-7F23-4C6B-B80C-26DE8D53AC63}.Publish|x86.Build.0 = Debug|Any CPU
		{CB62C2EC-7F23-4C6B-B80C-26DE8D53AC63}.Release|Any CPU.ActiveCfg = Release|Any CPU
		{CB62C2EC-7F23-4C6B-B80C-26DE8D53AC63}.Release|Any CPU.Build.0 = Release|Any CPU
		{CB62C2EC-7F23-4C6B-B80C-26DE8D53AC63}.Release|x64.ActiveCfg = Release|Any CPU
		{CB62C2EC-7F23-4C6B-B80C-26DE8D53AC63}.Release|x64.Build.0 = Release|Any CPU
		{CB62C2EC-7F23-4C6B-B80C-26DE8D53AC63}.Release|x86.ActiveCfg = Release|Any CPU
		{CB62C2EC-7F23-4C6B-B80C-26DE8D53AC63}.Release|x86.Build.0 = Release|Any CPU
		{240754CE-C57B-47E6-A8BA-15D2FD577E81}.Debug|Any CPU.ActiveCfg = Debug|Any CPU
		{240754CE-C57B-47E6-A8BA-15D2FD577E81}.Debug|Any CPU.Build.0 = Debug|Any CPU
		{240754CE-C57B-47E6-A8BA-15D2FD577E81}.Debug|x64.ActiveCfg = Debug|Any CPU
		{240754CE-C57B-47E6-A8BA-15D2FD577E81}.Debug|x64.Build.0 = Debug|Any CPU
		{240754CE-C57B-47E6-A8BA-15D2FD577E81}.Debug|x86.ActiveCfg = Debug|Any CPU
		{240754CE-C57B-47E6-A8BA-15D2FD577E81}.Debug|x86.Build.0 = Debug|Any CPU
		{240754CE-C57B-47E6-A8BA-15D2FD577E81}.Publish|Any CPU.ActiveCfg = Debug|Any CPU
		{240754CE-C57B-47E6-A8BA-15D2FD577E81}.Publish|Any CPU.Build.0 = Debug|Any CPU
		{240754CE-C57B-47E6-A8BA-15D2FD577E81}.Publish|x64.ActiveCfg = Debug|Any CPU
		{240754CE-C57B-47E6-A8BA-15D2FD577E81}.Publish|x64.Build.0 = Debug|Any CPU
		{240754CE-C57B-47E6-A8BA-15D2FD577E81}.Publish|x86.ActiveCfg = Debug|Any CPU
		{240754CE-C57B-47E6-A8BA-15D2FD577E81}.Publish|x86.Build.0 = Debug|Any CPU
		{240754CE-C57B-47E6-A8BA-15D2FD577E81}.Release|Any CPU.ActiveCfg = Release|Any CPU
		{240754CE-C57B-47E6-A8BA-15D2FD577E81}.Release|Any CPU.Build.0 = Release|Any CPU
		{240754CE-C57B-47E6-A8BA-15D2FD577E81}.Release|x64.ActiveCfg = Release|Any CPU
		{240754CE-C57B-47E6-A8BA-15D2FD577E81}.Release|x64.Build.0 = Release|Any CPU
		{240754CE-C57B-47E6-A8BA-15D2FD577E81}.Release|x86.ActiveCfg = Release|Any CPU
		{240754CE-C57B-47E6-A8BA-15D2FD577E81}.Release|x86.Build.0 = Release|Any CPU
		{1D7CE315-9E8C-4557-B318-6D837261D7E6}.Debug|Any CPU.ActiveCfg = Debug|Any CPU
		{1D7CE315-9E8C-4557-B318-6D837261D7E6}.Debug|Any CPU.Build.0 = Debug|Any CPU
		{1D7CE315-9E8C-4557-B318-6D837261D7E6}.Debug|x64.ActiveCfg = Debug|Any CPU
		{1D7CE315-9E8C-4557-B318-6D837261D7E6}.Debug|x64.Build.0 = Debug|Any CPU
		{1D7CE315-9E8C-4557-B318-6D837261D7E6}.Debug|x86.ActiveCfg = Debug|Any CPU
		{1D7CE315-9E8C-4557-B318-6D837261D7E6}.Debug|x86.Build.0 = Debug|Any CPU
		{1D7CE315-9E8C-4557-B318-6D837261D7E6}.Publish|Any CPU.ActiveCfg = Debug|Any CPU
		{1D7CE315-9E8C-4557-B318-6D837261D7E6}.Publish|Any CPU.Build.0 = Debug|Any CPU
		{1D7CE315-9E8C-4557-B318-6D837261D7E6}.Publish|x64.ActiveCfg = Debug|Any CPU
		{1D7CE315-9E8C-4557-B318-6D837261D7E6}.Publish|x64.Build.0 = Debug|Any CPU
		{1D7CE315-9E8C-4557-B318-6D837261D7E6}.Publish|x86.ActiveCfg = Debug|Any CPU
		{1D7CE315-9E8C-4557-B318-6D837261D7E6}.Publish|x86.Build.0 = Debug|Any CPU
		{1D7CE315-9E8C-4557-B318-6D837261D7E6}.Release|Any CPU.ActiveCfg = Release|Any CPU
		{1D7CE315-9E8C-4557-B318-6D837261D7E6}.Release|Any CPU.Build.0 = Release|Any CPU
		{1D7CE315-9E8C-4557-B318-6D837261D7E6}.Release|x64.ActiveCfg = Release|Any CPU
		{1D7CE315-9E8C-4557-B318-6D837261D7E6}.Release|x64.Build.0 = Release|Any CPU
		{1D7CE315-9E8C-4557-B318-6D837261D7E6}.Release|x86.ActiveCfg = Release|Any CPU
		{1D7CE315-9E8C-4557-B318-6D837261D7E6}.Release|x86.Build.0 = Release|Any CPU
		{EB0F0F5B-E4B0-445C-A18E-372895BFA03D}.Debug|Any CPU.ActiveCfg = Debug|Any CPU
		{EB0F0F5B-E4B0-445C-A18E-372895BFA03D}.Debug|Any CPU.Build.0 = Debug|Any CPU
		{EB0F0F5B-E4B0-445C-A18E-372895BFA03D}.Debug|x64.ActiveCfg = Debug|Any CPU
		{EB0F0F5B-E4B0-445C-A18E-372895BFA03D}.Debug|x64.Build.0 = Debug|Any CPU
		{EB0F0F5B-E4B0-445C-A18E-372895BFA03D}.Debug|x86.ActiveCfg = Debug|Any CPU
		{EB0F0F5B-E4B0-445C-A18E-372895BFA03D}.Debug|x86.Build.0 = Debug|Any CPU
		{EB0F0F5B-E4B0-445C-A18E-372895BFA03D}.Publish|Any CPU.ActiveCfg = Debug|Any CPU
		{EB0F0F5B-E4B0-445C-A18E-372895BFA03D}.Publish|Any CPU.Build.0 = Debug|Any CPU
		{EB0F0F5B-E4B0-445C-A18E-372895BFA03D}.Publish|x64.ActiveCfg = Debug|Any CPU
		{EB0F0F5B-E4B0-445C-A18E-372895BFA03D}.Publish|x64.Build.0 = Debug|Any CPU
		{EB0F0F5B-E4B0-445C-A18E-372895BFA03D}.Publish|x86.ActiveCfg = Debug|Any CPU
		{EB0F0F5B-E4B0-445C-A18E-372895BFA03D}.Publish|x86.Build.0 = Debug|Any CPU
		{EB0F0F5B-E4B0-445C-A18E-372895BFA03D}.Release|Any CPU.ActiveCfg = Release|Any CPU
		{EB0F0F5B-E4B0-445C-A18E-372895BFA03D}.Release|Any CPU.Build.0 = Release|Any CPU
		{EB0F0F5B-E4B0-445C-A18E-372895BFA03D}.Release|x64.ActiveCfg = Release|Any CPU
		{EB0F0F5B-E4B0-445C-A18E-372895BFA03D}.Release|x64.Build.0 = Release|Any CPU
		{EB0F0F5B-E4B0-445C-A18E-372895BFA03D}.Release|x86.ActiveCfg = Release|Any CPU
		{EB0F0F5B-E4B0-445C-A18E-372895BFA03D}.Release|x86.Build.0 = Release|Any CPU
		{4DDF634B-3AF9-4BFE-8953-967A5A8E0EED}.Debug|Any CPU.ActiveCfg = Debug|Any CPU
		{4DDF634B-3AF9-4BFE-8953-967A5A8E0EED}.Debug|Any CPU.Build.0 = Debug|Any CPU
		{4DDF634B-3AF9-4BFE-8953-967A5A8E0EED}.Debug|x64.ActiveCfg = Debug|Any CPU
		{4DDF634B-3AF9-4BFE-8953-967A5A8E0EED}.Debug|x64.Build.0 = Debug|Any CPU
		{4DDF634B-3AF9-4BFE-8953-967A5A8E0EED}.Debug|x86.ActiveCfg = Debug|Any CPU
		{4DDF634B-3AF9-4BFE-8953-967A5A8E0EED}.Debug|x86.Build.0 = Debug|Any CPU
		{4DDF634B-3AF9-4BFE-8953-967A5A8E0EED}.Publish|Any CPU.ActiveCfg = Debug|Any CPU
		{4DDF634B-3AF9-4BFE-8953-967A5A8E0EED}.Publish|Any CPU.Build.0 = Debug|Any CPU
		{4DDF634B-3AF9-4BFE-8953-967A5A8E0EED}.Publish|x64.ActiveCfg = Debug|Any CPU
		{4DDF634B-3AF9-4BFE-8953-967A5A8E0EED}.Publish|x64.Build.0 = Debug|Any CPU
		{4DDF634B-3AF9-4BFE-8953-967A5A8E0EED}.Publish|x86.ActiveCfg = Debug|Any CPU
		{4DDF634B-3AF9-4BFE-8953-967A5A8E0EED}.Publish|x86.Build.0 = Debug|Any CPU
		{4DDF634B-3AF9-4BFE-8953-967A5A8E0EED}.Release|Any CPU.ActiveCfg = Release|Any CPU
		{4DDF634B-3AF9-4BFE-8953-967A5A8E0EED}.Release|Any CPU.Build.0 = Release|Any CPU
		{4DDF634B-3AF9-4BFE-8953-967A5A8E0EED}.Release|x64.ActiveCfg = Release|Any CPU
		{4DDF634B-3AF9-4BFE-8953-967A5A8E0EED}.Release|x64.Build.0 = Release|Any CPU
		{4DDF634B-3AF9-4BFE-8953-967A5A8E0EED}.Release|x86.ActiveCfg = Release|Any CPU
		{4DDF634B-3AF9-4BFE-8953-967A5A8E0EED}.Release|x86.Build.0 = Release|Any CPU
		{FBE17D99-047C-4754-BCEF-DDF54ED3C43E}.Debug|Any CPU.ActiveCfg = Debug|Any CPU
		{FBE17D99-047C-4754-BCEF-DDF54ED3C43E}.Debug|Any CPU.Build.0 = Debug|Any CPU
		{FBE17D99-047C-4754-BCEF-DDF54ED3C43E}.Debug|x64.ActiveCfg = Debug|Any CPU
		{FBE17D99-047C-4754-BCEF-DDF54ED3C43E}.Debug|x64.Build.0 = Debug|Any CPU
		{FBE17D99-047C-4754-BCEF-DDF54ED3C43E}.Debug|x86.ActiveCfg = Debug|Any CPU
		{FBE17D99-047C-4754-BCEF-DDF54ED3C43E}.Debug|x86.Build.0 = Debug|Any CPU
		{FBE17D99-047C-4754-BCEF-DDF54ED3C43E}.Publish|Any CPU.ActiveCfg = Debug|Any CPU
		{FBE17D99-047C-4754-BCEF-DDF54ED3C43E}.Publish|Any CPU.Build.0 = Debug|Any CPU
		{FBE17D99-047C-4754-BCEF-DDF54ED3C43E}.Publish|x64.ActiveCfg = Debug|Any CPU
		{FBE17D99-047C-4754-BCEF-DDF54ED3C43E}.Publish|x64.Build.0 = Debug|Any CPU
		{FBE17D99-047C-4754-BCEF-DDF54ED3C43E}.Publish|x86.ActiveCfg = Debug|Any CPU
		{FBE17D99-047C-4754-BCEF-DDF54ED3C43E}.Publish|x86.Build.0 = Debug|Any CPU
		{FBE17D99-047C-4754-BCEF-DDF54ED3C43E}.Release|Any CPU.ActiveCfg = Release|Any CPU
		{FBE17D99-047C-4754-BCEF-DDF54ED3C43E}.Release|Any CPU.Build.0 = Release|Any CPU
		{FBE17D99-047C-4754-BCEF-DDF54ED3C43E}.Release|x64.ActiveCfg = Release|Any CPU
		{FBE17D99-047C-4754-BCEF-DDF54ED3C43E}.Release|x64.Build.0 = Release|Any CPU
		{FBE17D99-047C-4754-BCEF-DDF54ED3C43E}.Release|x86.ActiveCfg = Release|Any CPU
		{FBE17D99-047C-4754-BCEF-DDF54ED3C43E}.Release|x86.Build.0 = Release|Any CPU
		{D673B78A-48B7-4C10-A1DF-50437F57D16D}.Debug|Any CPU.ActiveCfg = Debug|Any CPU
		{D673B78A-48B7-4C10-A1DF-50437F57D16D}.Debug|Any CPU.Build.0 = Debug|Any CPU
		{D673B78A-48B7-4C10-A1DF-50437F57D16D}.Debug|x64.ActiveCfg = Debug|Any CPU
		{D673B78A-48B7-4C10-A1DF-50437F57D16D}.Debug|x64.Build.0 = Debug|Any CPU
		{D673B78A-48B7-4C10-A1DF-50437F57D16D}.Debug|x86.ActiveCfg = Debug|Any CPU
		{D673B78A-48B7-4C10-A1DF-50437F57D16D}.Debug|x86.Build.0 = Debug|Any CPU
		{D673B78A-48B7-4C10-A1DF-50437F57D16D}.Publish|Any CPU.ActiveCfg = Debug|Any CPU
		{D673B78A-48B7-4C10-A1DF-50437F57D16D}.Publish|Any CPU.Build.0 = Debug|Any CPU
		{D673B78A-48B7-4C10-A1DF-50437F57D16D}.Publish|x64.ActiveCfg = Debug|Any CPU
		{D673B78A-48B7-4C10-A1DF-50437F57D16D}.Publish|x64.Build.0 = Debug|Any CPU
		{D673B78A-48B7-4C10-A1DF-50437F57D16D}.Publish|x86.ActiveCfg = Debug|Any CPU
		{D673B78A-48B7-4C10-A1DF-50437F57D16D}.Publish|x86.Build.0 = Debug|Any CPU
		{D673B78A-48B7-4C10-A1DF-50437F57D16D}.Release|Any CPU.ActiveCfg = Release|Any CPU
		{D673B78A-48B7-4C10-A1DF-50437F57D16D}.Release|Any CPU.Build.0 = Release|Any CPU
		{D673B78A-48B7-4C10-A1DF-50437F57D16D}.Release|x64.ActiveCfg = Release|Any CPU
		{D673B78A-48B7-4C10-A1DF-50437F57D16D}.Release|x64.Build.0 = Release|Any CPU
		{D673B78A-48B7-4C10-A1DF-50437F57D16D}.Release|x86.ActiveCfg = Release|Any CPU
		{D673B78A-48B7-4C10-A1DF-50437F57D16D}.Release|x86.Build.0 = Release|Any CPU
		{C6BDF4EC-B03D-435A-B440-2CD83BCA2DCB}.Debug|Any CPU.ActiveCfg = Debug|Any CPU
		{C6BDF4EC-B03D-435A-B440-2CD83BCA2DCB}.Debug|Any CPU.Build.0 = Debug|Any CPU
		{C6BDF4EC-B03D-435A-B440-2CD83BCA2DCB}.Debug|x64.ActiveCfg = Debug|Any CPU
		{C6BDF4EC-B03D-435A-B440-2CD83BCA2DCB}.Debug|x64.Build.0 = Debug|Any CPU
		{C6BDF4EC-B03D-435A-B440-2CD83BCA2DCB}.Debug|x86.ActiveCfg = Debug|Any CPU
		{C6BDF4EC-B03D-435A-B440-2CD83BCA2DCB}.Debug|x86.Build.0 = Debug|Any CPU
		{C6BDF4EC-B03D-435A-B440-2CD83BCA2DCB}.Publish|Any CPU.ActiveCfg = Debug|Any CPU
		{C6BDF4EC-B03D-435A-B440-2CD83BCA2DCB}.Publish|Any CPU.Build.0 = Debug|Any CPU
		{C6BDF4EC-B03D-435A-B440-2CD83BCA2DCB}.Publish|x64.ActiveCfg = Debug|Any CPU
		{C6BDF4EC-B03D-435A-B440-2CD83BCA2DCB}.Publish|x64.Build.0 = Debug|Any CPU
		{C6BDF4EC-B03D-435A-B440-2CD83BCA2DCB}.Publish|x86.ActiveCfg = Debug|Any CPU
		{C6BDF4EC-B03D-435A-B440-2CD83BCA2DCB}.Publish|x86.Build.0 = Debug|Any CPU
		{C6BDF4EC-B03D-435A-B440-2CD83BCA2DCB}.Release|Any CPU.ActiveCfg = Release|Any CPU
		{C6BDF4EC-B03D-435A-B440-2CD83BCA2DCB}.Release|Any CPU.Build.0 = Release|Any CPU
		{C6BDF4EC-B03D-435A-B440-2CD83BCA2DCB}.Release|x64.ActiveCfg = Release|Any CPU
		{C6BDF4EC-B03D-435A-B440-2CD83BCA2DCB}.Release|x64.Build.0 = Release|Any CPU
		{C6BDF4EC-B03D-435A-B440-2CD83BCA2DCB}.Release|x86.ActiveCfg = Release|Any CPU
		{C6BDF4EC-B03D-435A-B440-2CD83BCA2DCB}.Release|x86.Build.0 = Release|Any CPU
		{33C797EB-8C28-4901-9243-63641E4F81E8}.Debug|Any CPU.ActiveCfg = Debug|Any CPU
		{33C797EB-8C28-4901-9243-63641E4F81E8}.Debug|Any CPU.Build.0 = Debug|Any CPU
		{33C797EB-8C28-4901-9243-63641E4F81E8}.Debug|x64.ActiveCfg = Debug|Any CPU
		{33C797EB-8C28-4901-9243-63641E4F81E8}.Debug|x64.Build.0 = Debug|Any CPU
		{33C797EB-8C28-4901-9243-63641E4F81E8}.Debug|x86.ActiveCfg = Debug|Any CPU
		{33C797EB-8C28-4901-9243-63641E4F81E8}.Debug|x86.Build.0 = Debug|Any CPU
		{33C797EB-8C28-4901-9243-63641E4F81E8}.Publish|Any CPU.ActiveCfg = Debug|Any CPU
		{33C797EB-8C28-4901-9243-63641E4F81E8}.Publish|Any CPU.Build.0 = Debug|Any CPU
		{33C797EB-8C28-4901-9243-63641E4F81E8}.Publish|x64.ActiveCfg = Debug|Any CPU
		{33C797EB-8C28-4901-9243-63641E4F81E8}.Publish|x64.Build.0 = Debug|Any CPU
		{33C797EB-8C28-4901-9243-63641E4F81E8}.Publish|x86.ActiveCfg = Debug|Any CPU
		{33C797EB-8C28-4901-9243-63641E4F81E8}.Publish|x86.Build.0 = Debug|Any CPU
		{33C797EB-8C28-4901-9243-63641E4F81E8}.Release|Any CPU.ActiveCfg = Release|Any CPU
		{33C797EB-8C28-4901-9243-63641E4F81E8}.Release|Any CPU.Build.0 = Release|Any CPU
		{33C797EB-8C28-4901-9243-63641E4F81E8}.Release|x64.ActiveCfg = Release|Any CPU
		{33C797EB-8C28-4901-9243-63641E4F81E8}.Release|x64.Build.0 = Release|Any CPU
		{33C797EB-8C28-4901-9243-63641E4F81E8}.Release|x86.ActiveCfg = Release|Any CPU
		{33C797EB-8C28-4901-9243-63641E4F81E8}.Release|x86.Build.0 = Release|Any CPU
		{0978EF20-BC71-4342-9AF7-C03201156CB8}.Debug|Any CPU.ActiveCfg = Debug|Any CPU
		{0978EF20-BC71-4342-9AF7-C03201156CB8}.Debug|Any CPU.Build.0 = Debug|Any CPU
		{0978EF20-BC71-4342-9AF7-C03201156CB8}.Debug|x64.ActiveCfg = Debug|Any CPU
		{0978EF20-BC71-4342-9AF7-C03201156CB8}.Debug|x64.Build.0 = Debug|Any CPU
		{0978EF20-BC71-4342-9AF7-C03201156CB8}.Debug|x86.ActiveCfg = Debug|Any CPU
		{0978EF20-BC71-4342-9AF7-C03201156CB8}.Debug|x86.Build.0 = Debug|Any CPU
		{0978EF20-BC71-4342-9AF7-C03201156CB8}.Publish|Any CPU.ActiveCfg = Debug|Any CPU
		{0978EF20-BC71-4342-9AF7-C03201156CB8}.Publish|Any CPU.Build.0 = Debug|Any CPU
		{0978EF20-BC71-4342-9AF7-C03201156CB8}.Publish|x64.ActiveCfg = Debug|Any CPU
		{0978EF20-BC71-4342-9AF7-C03201156CB8}.Publish|x64.Build.0 = Debug|Any CPU
		{0978EF20-BC71-4342-9AF7-C03201156CB8}.Publish|x86.ActiveCfg = Debug|Any CPU
		{0978EF20-BC71-4342-9AF7-C03201156CB8}.Publish|x86.Build.0 = Debug|Any CPU
		{0978EF20-BC71-4342-9AF7-C03201156CB8}.Release|Any CPU.ActiveCfg = Release|Any CPU
		{0978EF20-BC71-4342-9AF7-C03201156CB8}.Release|Any CPU.Build.0 = Release|Any CPU
		{0978EF20-BC71-4342-9AF7-C03201156CB8}.Release|x64.ActiveCfg = Release|Any CPU
		{0978EF20-BC71-4342-9AF7-C03201156CB8}.Release|x64.Build.0 = Release|Any CPU
		{0978EF20-BC71-4342-9AF7-C03201156CB8}.Release|x86.ActiveCfg = Release|Any CPU
		{0978EF20-BC71-4342-9AF7-C03201156CB8}.Release|x86.Build.0 = Release|Any CPU
		{B23AF5E3-2F92-44A0-812F-38D624368522}.Debug|Any CPU.ActiveCfg = Debug|Any CPU
		{B23AF5E3-2F92-44A0-812F-38D624368522}.Debug|Any CPU.Build.0 = Debug|Any CPU
		{B23AF5E3-2F92-44A0-812F-38D624368522}.Debug|x64.ActiveCfg = Debug|Any CPU
		{B23AF5E3-2F92-44A0-812F-38D624368522}.Debug|x64.Build.0 = Debug|Any CPU
		{B23AF5E3-2F92-44A0-812F-38D624368522}.Debug|x86.ActiveCfg = Debug|Any CPU
		{B23AF5E3-2F92-44A0-812F-38D624368522}.Debug|x86.Build.0 = Debug|Any CPU
		{B23AF5E3-2F92-44A0-812F-38D624368522}.Publish|Any CPU.ActiveCfg = Debug|Any CPU
		{B23AF5E3-2F92-44A0-812F-38D624368522}.Publish|Any CPU.Build.0 = Debug|Any CPU
		{B23AF5E3-2F92-44A0-812F-38D624368522}.Publish|x64.ActiveCfg = Debug|Any CPU
		{B23AF5E3-2F92-44A0-812F-38D624368522}.Publish|x64.Build.0 = Debug|Any CPU
		{B23AF5E3-2F92-44A0-812F-38D624368522}.Publish|x86.ActiveCfg = Debug|Any CPU
		{B23AF5E3-2F92-44A0-812F-38D624368522}.Publish|x86.Build.0 = Debug|Any CPU
		{B23AF5E3-2F92-44A0-812F-38D624368522}.Release|Any CPU.ActiveCfg = Release|Any CPU
		{B23AF5E3-2F92-44A0-812F-38D624368522}.Release|Any CPU.Build.0 = Release|Any CPU
		{B23AF5E3-2F92-44A0-812F-38D624368522}.Release|x64.ActiveCfg = Release|Any CPU
		{B23AF5E3-2F92-44A0-812F-38D624368522}.Release|x64.Build.0 = Release|Any CPU
		{B23AF5E3-2F92-44A0-812F-38D624368522}.Release|x86.ActiveCfg = Release|Any CPU
		{B23AF5E3-2F92-44A0-812F-38D624368522}.Release|x86.Build.0 = Release|Any CPU
		{A775FEA4-02A9-4AAA-93E6-BE2E17DD1B93}.Debug|Any CPU.ActiveCfg = Debug|Any CPU
		{A775FEA4-02A9-4AAA-93E6-BE2E17DD1B93}.Debug|Any CPU.Build.0 = Debug|Any CPU
		{A775FEA4-02A9-4AAA-93E6-BE2E17DD1B93}.Debug|x64.ActiveCfg = Debug|Any CPU
		{A775FEA4-02A9-4AAA-93E6-BE2E17DD1B93}.Debug|x64.Build.0 = Debug|Any CPU
		{A775FEA4-02A9-4AAA-93E6-BE2E17DD1B93}.Debug|x86.ActiveCfg = Debug|Any CPU
		{A775FEA4-02A9-4AAA-93E6-BE2E17DD1B93}.Debug|x86.Build.0 = Debug|Any CPU
		{A775FEA4-02A9-4AAA-93E6-BE2E17DD1B93}.Publish|Any CPU.ActiveCfg = Debug|Any CPU
		{A775FEA4-02A9-4AAA-93E6-BE2E17DD1B93}.Publish|Any CPU.Build.0 = Debug|Any CPU
		{A775FEA4-02A9-4AAA-93E6-BE2E17DD1B93}.Publish|x64.ActiveCfg = Debug|Any CPU
		{A775FEA4-02A9-4AAA-93E6-BE2E17DD1B93}.Publish|x64.Build.0 = Debug|Any CPU
		{A775FEA4-02A9-4AAA-93E6-BE2E17DD1B93}.Publish|x86.ActiveCfg = Debug|Any CPU
		{A775FEA4-02A9-4AAA-93E6-BE2E17DD1B93}.Publish|x86.Build.0 = Debug|Any CPU
		{A775FEA4-02A9-4AAA-93E6-BE2E17DD1B93}.Release|Any CPU.ActiveCfg = Release|Any CPU
		{A775FEA4-02A9-4AAA-93E6-BE2E17DD1B93}.Release|Any CPU.Build.0 = Release|Any CPU
		{A775FEA4-02A9-4AAA-93E6-BE2E17DD1B93}.Release|x64.ActiveCfg = Release|Any CPU
		{A775FEA4-02A9-4AAA-93E6-BE2E17DD1B93}.Release|x64.Build.0 = Release|Any CPU
		{A775FEA4-02A9-4AAA-93E6-BE2E17DD1B93}.Release|x86.ActiveCfg = Release|Any CPU
		{A775FEA4-02A9-4AAA-93E6-BE2E17DD1B93}.Release|x86.Build.0 = Release|Any CPU
		{04B736BC-FB28-45BE-9DFC-E51807957EF0}.Debug|Any CPU.ActiveCfg = Debug|Any CPU
		{04B736BC-FB28-45BE-9DFC-E51807957EF0}.Debug|Any CPU.Build.0 = Debug|Any CPU
		{04B736BC-FB28-45BE-9DFC-E51807957EF0}.Debug|x64.ActiveCfg = Debug|Any CPU
		{04B736BC-FB28-45BE-9DFC-E51807957EF0}.Debug|x64.Build.0 = Debug|Any CPU
		{04B736BC-FB28-45BE-9DFC-E51807957EF0}.Debug|x86.ActiveCfg = Debug|Any CPU
		{04B736BC-FB28-45BE-9DFC-E51807957EF0}.Debug|x86.Build.0 = Debug|Any CPU
		{04B736BC-FB28-45BE-9DFC-E51807957EF0}.Publish|Any CPU.ActiveCfg = Debug|Any CPU
		{04B736BC-FB28-45BE-9DFC-E51807957EF0}.Publish|Any CPU.Build.0 = Debug|Any CPU
		{04B736BC-FB28-45BE-9DFC-E51807957EF0}.Publish|x64.ActiveCfg = Debug|Any CPU
		{04B736BC-FB28-45BE-9DFC-E51807957EF0}.Publish|x64.Build.0 = Debug|Any CPU
		{04B736BC-FB28-45BE-9DFC-E51807957EF0}.Publish|x86.ActiveCfg = Debug|Any CPU
		{04B736BC-FB28-45BE-9DFC-E51807957EF0}.Publish|x86.Build.0 = Debug|Any CPU
		{04B736BC-FB28-45BE-9DFC-E51807957EF0}.Release|Any CPU.ActiveCfg = Release|Any CPU
		{04B736BC-FB28-45BE-9DFC-E51807957EF0}.Release|Any CPU.Build.0 = Release|Any CPU
		{04B736BC-FB28-45BE-9DFC-E51807957EF0}.Release|x64.ActiveCfg = Release|Any CPU
		{04B736BC-FB28-45BE-9DFC-E51807957EF0}.Release|x64.Build.0 = Release|Any CPU
		{04B736BC-FB28-45BE-9DFC-E51807957EF0}.Release|x86.ActiveCfg = Release|Any CPU
		{04B736BC-FB28-45BE-9DFC-E51807957EF0}.Release|x86.Build.0 = Release|Any CPU
		{DA09DAA2-2B97-4921-A70B-208CFABB08B1}.Debug|Any CPU.ActiveCfg = Debug|Any CPU
		{DA09DAA2-2B97-4921-A70B-208CFABB08B1}.Debug|Any CPU.Build.0 = Debug|Any CPU
		{DA09DAA2-2B97-4921-A70B-208CFABB08B1}.Debug|x64.ActiveCfg = Debug|Any CPU
		{DA09DAA2-2B97-4921-A70B-208CFABB08B1}.Debug|x64.Build.0 = Debug|Any CPU
		{DA09DAA2-2B97-4921-A70B-208CFABB08B1}.Debug|x86.ActiveCfg = Debug|Any CPU
		{DA09DAA2-2B97-4921-A70B-208CFABB08B1}.Debug|x86.Build.0 = Debug|Any CPU
		{DA09DAA2-2B97-4921-A70B-208CFABB08B1}.Publish|Any CPU.ActiveCfg = Debug|Any CPU
		{DA09DAA2-2B97-4921-A70B-208CFABB08B1}.Publish|Any CPU.Build.0 = Debug|Any CPU
		{DA09DAA2-2B97-4921-A70B-208CFABB08B1}.Publish|x64.ActiveCfg = Debug|Any CPU
		{DA09DAA2-2B97-4921-A70B-208CFABB08B1}.Publish|x64.Build.0 = Debug|Any CPU
		{DA09DAA2-2B97-4921-A70B-208CFABB08B1}.Publish|x86.ActiveCfg = Debug|Any CPU
		{DA09DAA2-2B97-4921-A70B-208CFABB08B1}.Publish|x86.Build.0 = Debug|Any CPU
		{DA09DAA2-2B97-4921-A70B-208CFABB08B1}.Release|Any CPU.ActiveCfg = Release|Any CPU
		{DA09DAA2-2B97-4921-A70B-208CFABB08B1}.Release|Any CPU.Build.0 = Release|Any CPU
		{DA09DAA2-2B97-4921-A70B-208CFABB08B1}.Release|x64.ActiveCfg = Release|Any CPU
		{DA09DAA2-2B97-4921-A70B-208CFABB08B1}.Release|x64.Build.0 = Release|Any CPU
		{DA09DAA2-2B97-4921-A70B-208CFABB08B1}.Release|x86.ActiveCfg = Release|Any CPU
		{DA09DAA2-2B97-4921-A70B-208CFABB08B1}.Release|x86.Build.0 = Release|Any CPU
		{C45CC793-6507-4631-9B67-2EB9A4409C00}.Debug|Any CPU.ActiveCfg = Debug|Any CPU
		{C45CC793-6507-4631-9B67-2EB9A4409C00}.Debug|Any CPU.Build.0 = Debug|Any CPU
		{C45CC793-6507-4631-9B67-2EB9A4409C00}.Debug|x64.ActiveCfg = Debug|Any CPU
		{C45CC793-6507-4631-9B67-2EB9A4409C00}.Debug|x64.Build.0 = Debug|Any CPU
		{C45CC793-6507-4631-9B67-2EB9A4409C00}.Debug|x86.ActiveCfg = Debug|Any CPU
		{C45CC793-6507-4631-9B67-2EB9A4409C00}.Debug|x86.Build.0 = Debug|Any CPU
		{C45CC793-6507-4631-9B67-2EB9A4409C00}.Publish|Any CPU.ActiveCfg = Debug|Any CPU
		{C45CC793-6507-4631-9B67-2EB9A4409C00}.Publish|Any CPU.Build.0 = Debug|Any CPU
		{C45CC793-6507-4631-9B67-2EB9A4409C00}.Publish|x64.ActiveCfg = Debug|Any CPU
		{C45CC793-6507-4631-9B67-2EB9A4409C00}.Publish|x64.Build.0 = Debug|Any CPU
		{C45CC793-6507-4631-9B67-2EB9A4409C00}.Publish|x86.ActiveCfg = Debug|Any CPU
		{C45CC793-6507-4631-9B67-2EB9A4409C00}.Publish|x86.Build.0 = Debug|Any CPU
		{C45CC793-6507-4631-9B67-2EB9A4409C00}.Release|Any CPU.ActiveCfg = Release|Any CPU
		{C45CC793-6507-4631-9B67-2EB9A4409C00}.Release|Any CPU.Build.0 = Release|Any CPU
		{C45CC793-6507-4631-9B67-2EB9A4409C00}.Release|x64.ActiveCfg = Release|Any CPU
		{C45CC793-6507-4631-9B67-2EB9A4409C00}.Release|x64.Build.0 = Release|Any CPU
		{C45CC793-6507-4631-9B67-2EB9A4409C00}.Release|x86.ActiveCfg = Release|Any CPU
		{C45CC793-6507-4631-9B67-2EB9A4409C00}.Release|x86.Build.0 = Release|Any CPU
		{0B0AD2AF-DA00-498D-826F-DC514511742C}.Debug|Any CPU.ActiveCfg = Debug|Any CPU
		{0B0AD2AF-DA00-498D-826F-DC514511742C}.Debug|Any CPU.Build.0 = Debug|Any CPU
		{0B0AD2AF-DA00-498D-826F-DC514511742C}.Debug|x64.ActiveCfg = Debug|Any CPU
		{0B0AD2AF-DA00-498D-826F-DC514511742C}.Debug|x64.Build.0 = Debug|Any CPU
		{0B0AD2AF-DA00-498D-826F-DC514511742C}.Debug|x86.ActiveCfg = Debug|Any CPU
		{0B0AD2AF-DA00-498D-826F-DC514511742C}.Debug|x86.Build.0 = Debug|Any CPU
		{0B0AD2AF-DA00-498D-826F-DC514511742C}.Publish|Any CPU.ActiveCfg = Debug|Any CPU
		{0B0AD2AF-DA00-498D-826F-DC514511742C}.Publish|Any CPU.Build.0 = Debug|Any CPU
		{0B0AD2AF-DA00-498D-826F-DC514511742C}.Publish|x64.ActiveCfg = Debug|Any CPU
		{0B0AD2AF-DA00-498D-826F-DC514511742C}.Publish|x64.Build.0 = Debug|Any CPU
		{0B0AD2AF-DA00-498D-826F-DC514511742C}.Publish|x86.ActiveCfg = Debug|Any CPU
		{0B0AD2AF-DA00-498D-826F-DC514511742C}.Publish|x86.Build.0 = Debug|Any CPU
		{0B0AD2AF-DA00-498D-826F-DC514511742C}.Release|Any CPU.ActiveCfg = Release|Any CPU
		{0B0AD2AF-DA00-498D-826F-DC514511742C}.Release|Any CPU.Build.0 = Release|Any CPU
		{0B0AD2AF-DA00-498D-826F-DC514511742C}.Release|x64.ActiveCfg = Release|Any CPU
		{0B0AD2AF-DA00-498D-826F-DC514511742C}.Release|x64.Build.0 = Release|Any CPU
		{0B0AD2AF-DA00-498D-826F-DC514511742C}.Release|x86.ActiveCfg = Release|Any CPU
		{0B0AD2AF-DA00-498D-826F-DC514511742C}.Release|x86.Build.0 = Release|Any CPU
		{C69FBC59-E140-4E31-AE0C-C518CEEF12B3}.Debug|Any CPU.ActiveCfg = Debug|Any CPU
		{C69FBC59-E140-4E31-AE0C-C518CEEF12B3}.Debug|Any CPU.Build.0 = Debug|Any CPU
		{C69FBC59-E140-4E31-AE0C-C518CEEF12B3}.Debug|x64.ActiveCfg = Debug|Any CPU
		{C69FBC59-E140-4E31-AE0C-C518CEEF12B3}.Debug|x64.Build.0 = Debug|Any CPU
		{C69FBC59-E140-4E31-AE0C-C518CEEF12B3}.Debug|x86.ActiveCfg = Debug|Any CPU
		{C69FBC59-E140-4E31-AE0C-C518CEEF12B3}.Debug|x86.Build.0 = Debug|Any CPU
		{C69FBC59-E140-4E31-AE0C-C518CEEF12B3}.Publish|Any CPU.ActiveCfg = Debug|Any CPU
		{C69FBC59-E140-4E31-AE0C-C518CEEF12B3}.Publish|Any CPU.Build.0 = Debug|Any CPU
		{C69FBC59-E140-4E31-AE0C-C518CEEF12B3}.Publish|x64.ActiveCfg = Debug|Any CPU
		{C69FBC59-E140-4E31-AE0C-C518CEEF12B3}.Publish|x64.Build.0 = Debug|Any CPU
		{C69FBC59-E140-4E31-AE0C-C518CEEF12B3}.Publish|x86.ActiveCfg = Debug|Any CPU
		{C69FBC59-E140-4E31-AE0C-C518CEEF12B3}.Publish|x86.Build.0 = Debug|Any CPU
		{C69FBC59-E140-4E31-AE0C-C518CEEF12B3}.Release|Any CPU.ActiveCfg = Release|Any CPU
		{C69FBC59-E140-4E31-AE0C-C518CEEF12B3}.Release|Any CPU.Build.0 = Release|Any CPU
		{C69FBC59-E140-4E31-AE0C-C518CEEF12B3}.Release|x64.ActiveCfg = Release|Any CPU
		{C69FBC59-E140-4E31-AE0C-C518CEEF12B3}.Release|x64.Build.0 = Release|Any CPU
		{C69FBC59-E140-4E31-AE0C-C518CEEF12B3}.Release|x86.ActiveCfg = Release|Any CPU
		{C69FBC59-E140-4E31-AE0C-C518CEEF12B3}.Release|x86.Build.0 = Release|Any CPU
		{D111B726-D849-4297-BAF4-AD2958B69978}.Debug|Any CPU.ActiveCfg = Debug|Any CPU
		{D111B726-D849-4297-BAF4-AD2958B69978}.Debug|Any CPU.Build.0 = Debug|Any CPU
		{D111B726-D849-4297-BAF4-AD2958B69978}.Debug|x64.ActiveCfg = Debug|Any CPU
		{D111B726-D849-4297-BAF4-AD2958B69978}.Debug|x64.Build.0 = Debug|Any CPU
		{D111B726-D849-4297-BAF4-AD2958B69978}.Debug|x86.ActiveCfg = Debug|Any CPU
		{D111B726-D849-4297-BAF4-AD2958B69978}.Debug|x86.Build.0 = Debug|Any CPU
		{D111B726-D849-4297-BAF4-AD2958B69978}.Publish|Any CPU.ActiveCfg = Debug|Any CPU
		{D111B726-D849-4297-BAF4-AD2958B69978}.Publish|Any CPU.Build.0 = Debug|Any CPU
		{D111B726-D849-4297-BAF4-AD2958B69978}.Publish|x64.ActiveCfg = Debug|Any CPU
		{D111B726-D849-4297-BAF4-AD2958B69978}.Publish|x64.Build.0 = Debug|Any CPU
		{D111B726-D849-4297-BAF4-AD2958B69978}.Publish|x86.ActiveCfg = Debug|Any CPU
		{D111B726-D849-4297-BAF4-AD2958B69978}.Publish|x86.Build.0 = Debug|Any CPU
		{D111B726-D849-4297-BAF4-AD2958B69978}.Release|Any CPU.ActiveCfg = Release|Any CPU
		{D111B726-D849-4297-BAF4-AD2958B69978}.Release|Any CPU.Build.0 = Release|Any CPU
		{D111B726-D849-4297-BAF4-AD2958B69978}.Release|x64.ActiveCfg = Release|Any CPU
		{D111B726-D849-4297-BAF4-AD2958B69978}.Release|x64.Build.0 = Release|Any CPU
		{D111B726-D849-4297-BAF4-AD2958B69978}.Release|x86.ActiveCfg = Release|Any CPU
		{D111B726-D849-4297-BAF4-AD2958B69978}.Release|x86.Build.0 = Release|Any CPU
		{A8B7F2B3-2A5D-4FD6-9112-A3CBBAFA44FD}.Debug|Any CPU.ActiveCfg = Debug|Any CPU
		{A8B7F2B3-2A5D-4FD6-9112-A3CBBAFA44FD}.Debug|Any CPU.Build.0 = Debug|Any CPU
		{A8B7F2B3-2A5D-4FD6-9112-A3CBBAFA44FD}.Debug|x64.ActiveCfg = Debug|Any CPU
		{A8B7F2B3-2A5D-4FD6-9112-A3CBBAFA44FD}.Debug|x64.Build.0 = Debug|Any CPU
		{A8B7F2B3-2A5D-4FD6-9112-A3CBBAFA44FD}.Debug|x86.ActiveCfg = Debug|Any CPU
		{A8B7F2B3-2A5D-4FD6-9112-A3CBBAFA44FD}.Debug|x86.Build.0 = Debug|Any CPU
		{A8B7F2B3-2A5D-4FD6-9112-A3CBBAFA44FD}.Publish|Any CPU.ActiveCfg = Debug|Any CPU
		{A8B7F2B3-2A5D-4FD6-9112-A3CBBAFA44FD}.Publish|Any CPU.Build.0 = Debug|Any CPU
		{A8B7F2B3-2A5D-4FD6-9112-A3CBBAFA44FD}.Publish|x64.ActiveCfg = Debug|Any CPU
		{A8B7F2B3-2A5D-4FD6-9112-A3CBBAFA44FD}.Publish|x64.Build.0 = Debug|Any CPU
		{A8B7F2B3-2A5D-4FD6-9112-A3CBBAFA44FD}.Publish|x86.ActiveCfg = Debug|Any CPU
		{A8B7F2B3-2A5D-4FD6-9112-A3CBBAFA44FD}.Publish|x86.Build.0 = Debug|Any CPU
		{A8B7F2B3-2A5D-4FD6-9112-A3CBBAFA44FD}.Release|Any CPU.ActiveCfg = Release|Any CPU
		{A8B7F2B3-2A5D-4FD6-9112-A3CBBAFA44FD}.Release|Any CPU.Build.0 = Release|Any CPU
		{A8B7F2B3-2A5D-4FD6-9112-A3CBBAFA44FD}.Release|x64.ActiveCfg = Release|Any CPU
		{A8B7F2B3-2A5D-4FD6-9112-A3CBBAFA44FD}.Release|x64.Build.0 = Release|Any CPU
		{A8B7F2B3-2A5D-4FD6-9112-A3CBBAFA44FD}.Release|x86.ActiveCfg = Release|Any CPU
		{A8B7F2B3-2A5D-4FD6-9112-A3CBBAFA44FD}.Release|x86.Build.0 = Release|Any CPU
		{BD5574D2-B144-4315-9F4D-EED0D6ED96D9}.Debug|Any CPU.ActiveCfg = Debug|Any CPU
		{BD5574D2-B144-4315-9F4D-EED0D6ED96D9}.Debug|Any CPU.Build.0 = Debug|Any CPU
		{BD5574D2-B144-4315-9F4D-EED0D6ED96D9}.Debug|x64.ActiveCfg = Debug|Any CPU
		{BD5574D2-B144-4315-9F4D-EED0D6ED96D9}.Debug|x64.Build.0 = Debug|Any CPU
		{BD5574D2-B144-4315-9F4D-EED0D6ED96D9}.Debug|x86.ActiveCfg = Debug|Any CPU
		{BD5574D2-B144-4315-9F4D-EED0D6ED96D9}.Debug|x86.Build.0 = Debug|Any CPU
		{BD5574D2-B144-4315-9F4D-EED0D6ED96D9}.Publish|Any CPU.ActiveCfg = Debug|Any CPU
		{BD5574D2-B144-4315-9F4D-EED0D6ED96D9}.Publish|Any CPU.Build.0 = Debug|Any CPU
		{BD5574D2-B144-4315-9F4D-EED0D6ED96D9}.Publish|x64.ActiveCfg = Debug|Any CPU
		{BD5574D2-B144-4315-9F4D-EED0D6ED96D9}.Publish|x64.Build.0 = Debug|Any CPU
		{BD5574D2-B144-4315-9F4D-EED0D6ED96D9}.Publish|x86.ActiveCfg = Debug|Any CPU
		{BD5574D2-B144-4315-9F4D-EED0D6ED96D9}.Publish|x86.Build.0 = Debug|Any CPU
		{BD5574D2-B144-4315-9F4D-EED0D6ED96D9}.Release|Any CPU.ActiveCfg = Release|Any CPU
		{BD5574D2-B144-4315-9F4D-EED0D6ED96D9}.Release|Any CPU.Build.0 = Release|Any CPU
		{BD5574D2-B144-4315-9F4D-EED0D6ED96D9}.Release|x64.ActiveCfg = Release|Any CPU
		{BD5574D2-B144-4315-9F4D-EED0D6ED96D9}.Release|x64.Build.0 = Release|Any CPU
		{BD5574D2-B144-4315-9F4D-EED0D6ED96D9}.Release|x86.ActiveCfg = Release|Any CPU
		{BD5574D2-B144-4315-9F4D-EED0D6ED96D9}.Release|x86.Build.0 = Release|Any CPU
		{705A6769-6C50-4263-8720-A76233154A8F}.Debug|Any CPU.ActiveCfg = Debug|Any CPU
		{705A6769-6C50-4263-8720-A76233154A8F}.Debug|Any CPU.Build.0 = Debug|Any CPU
		{705A6769-6C50-4263-8720-A76233154A8F}.Debug|x64.ActiveCfg = Debug|Any CPU
		{705A6769-6C50-4263-8720-A76233154A8F}.Debug|x64.Build.0 = Debug|Any CPU
		{705A6769-6C50-4263-8720-A76233154A8F}.Debug|x86.ActiveCfg = Debug|Any CPU
		{705A6769-6C50-4263-8720-A76233154A8F}.Debug|x86.Build.0 = Debug|Any CPU
		{705A6769-6C50-4263-8720-A76233154A8F}.Publish|Any CPU.ActiveCfg = Debug|Any CPU
		{705A6769-6C50-4263-8720-A76233154A8F}.Publish|Any CPU.Build.0 = Debug|Any CPU
		{705A6769-6C50-4263-8720-A76233154A8F}.Publish|x64.ActiveCfg = Debug|Any CPU
		{705A6769-6C50-4263-8720-A76233154A8F}.Publish|x64.Build.0 = Debug|Any CPU
		{705A6769-6C50-4263-8720-A76233154A8F}.Publish|x86.ActiveCfg = Debug|Any CPU
		{705A6769-6C50-4263-8720-A76233154A8F}.Publish|x86.Build.0 = Debug|Any CPU
		{705A6769-6C50-4263-8720-A76233154A8F}.Release|Any CPU.ActiveCfg = Release|Any CPU
		{705A6769-6C50-4263-8720-A76233154A8F}.Release|Any CPU.Build.0 = Release|Any CPU
		{705A6769-6C50-4263-8720-A76233154A8F}.Release|x64.ActiveCfg = Release|Any CPU
		{705A6769-6C50-4263-8720-A76233154A8F}.Release|x64.Build.0 = Release|Any CPU
		{705A6769-6C50-4263-8720-A76233154A8F}.Release|x86.ActiveCfg = Release|Any CPU
		{705A6769-6C50-4263-8720-A76233154A8F}.Release|x86.Build.0 = Release|Any CPU
	EndGlobalSection
	GlobalSection(SolutionProperties) = preSolution
		HideSolutionNode = FALSE
	EndGlobalSection
	GlobalSection(NestedProjects) = preSolution
		{ED4C9E7E-D786-4E19-A72B-68AF5949870D} = {4654F4C1-2BCA-400F-BAC2-6D729454716E}
		{BA87981A-7182-4B18-B78F-C2A86D0CEB31} = {4654F4C1-2BCA-400F-BAC2-6D729454716E}
		{78E49FFB-3B82-4907-A028-F2EDA938F476} = {4654F4C1-2BCA-400F-BAC2-6D729454716E}
		{D111B726-D849-4297-BAF4-AD2958B69978} = {5D20AA90-6969-D8BD-9DCD-8634F4692FDA}
	EndGlobalSection
	GlobalSection(ExtensibilityGlobals) = postSolution
		SolutionGuid = {58AA5253-8B91-4C55-9E8E-8E5BD3E38F33}
	EndGlobalSection
EndGlobal
